// !$*UTF8*$!
{
	archiveVersion = 1;
	classes = {
	};
	objectVersion = 46;
	objects = {

/* Begin PBXBuildFile section */
		988E356D1F1C895B00995FE0 /* AppDelegate.swift in Sources */ = {isa = PBXBuildFile; fileRef = 988E356C1F1C895B00995FE0 /* AppDelegate.swift */; };
		988E356F1F1C895B00995FE0 /* ViewController.swift in Sources */ = {isa = PBXBuildFile; fileRef = 988E356E1F1C895B00995FE0 /* ViewController.swift */; };
		988E35721F1C895B00995FE0 /* Main.storyboard in Resources */ = {isa = PBXBuildFile; fileRef = 988E35701F1C895B00995FE0 /* Main.storyboard */; };
		988E35741F1C895B00995FE0 /* Assets.xcassets in Resources */ = {isa = PBXBuildFile; fileRef = 988E35731F1C895B00995FE0 /* Assets.xcassets */; };
		988E35771F1C895B00995FE0 /* LaunchScreen.storyboard in Resources */ = {isa = PBXBuildFile; fileRef = 988E35751F1C895B00995FE0 /* LaunchScreen.storyboard */; };
		988E35811F1C8AD100995FE0 /* AddressMainViewController.swift in Sources */ = {isa = PBXBuildFile; fileRef = 988E35801F1C8AD100995FE0 /* AddressMainViewController.swift */; };
/* End PBXBuildFile section */

/* Begin PBXFileReference section */
		988E35691F1C895B00995FE0 /* 0717_AdressTableViewDelegate.app */ = {isa = PBXFileReference; explicitFileType = wrapper.application; includeInIndex = 0; path = 0717_AdressTableViewDelegate.app; sourceTree = BUILT_PRODUCTS_DIR; };
		988E356C1F1C895B00995FE0 /* AppDelegate.swift */ = {isa = PBXFileReference; lastKnownFileType = sourcecode.swift; path = AppDelegate.swift; sourceTree = "<group>"; };
		988E356E1F1C895B00995FE0 /* ViewController.swift */ = {isa = PBXFileReference; lastKnownFileType = sourcecode.swift; path = ViewController.swift; sourceTree = "<group>"; };
		988E35711F1C895B00995FE0 /* Base */ = {isa = PBXFileReference; lastKnownFileType = file.storyboard; name = Base; path = Base.lproj/Main.storyboard; sourceTree = "<group>"; };
		988E35731F1C895B00995FE0 /* Assets.xcassets */ = {isa = PBXFileReference; lastKnownFileType = folder.assetcatalog; path = Assets.xcassets; sourceTree = "<group>"; };
		988E35761F1C895B00995FE0 /* Base */ = {isa = PBXFileReference; lastKnownFileType = file.storyboard; name = Base; path = Base.lproj/LaunchScreen.storyboard; sourceTree = "<group>"; };
		988E35781F1C895B00995FE0 /* Info.plist */ = {isa = PBXFileReference; lastKnownFileType = text.plist.xml; path = Info.plist; sourceTree = "<group>"; };
		988E35801F1C8AD100995FE0 /* AddressMainViewController.swift */ = {isa = PBXFileReference; fileEncoding = 4; lastKnownFileType = sourcecode.swift; path = AddressMainViewController.swift; sourceTree = "<group>"; };
/* End PBXFileReference section */

/* Begin PBXFrameworksBuildPhase section */
		988E35661F1C895B00995FE0 /* Frameworks */ = {
			isa = PBXFrameworksBuildPhase;
			buildActionMask = 2147483647;
			files = (
			);
			runOnlyForDeploymentPostprocessing = 0;
		};
/* End PBXFrameworksBuildPhase section */

/* Begin PBXGroup section */
		988E35601F1C895B00995FE0 = {
			isa = PBXGroup;
			children = (
				988E356B1F1C895B00995FE0 /* 0717_AdressTableViewDelegate */,
				988E356A1F1C895B00995FE0 /* Products */,
			);
			sourceTree = "<group>";
		};
		988E356A1F1C895B00995FE0 /* Products */ = {
			isa = PBXGroup;
			children = (
				988E35691F1C895B00995FE0 /* 0717_AdressTableViewDelegate.app */,
			);
			name = Products;
			sourceTree = "<group>";
		};
		988E356B1F1C895B00995FE0 /* 0717_AdressTableViewDelegate */ = {
			isa = PBXGroup;
			children = (
				988E356C1F1C895B00995FE0 /* AppDelegate.swift */,
				988E356E1F1C895B00995FE0 /* ViewController.swift */,
				988E35701F1C895B00995FE0 /* Main.storyboard */,
				988E35731F1C895B00995FE0 /* Assets.xcassets */,
				988E35751F1C895B00995FE0 /* LaunchScreen.storyboard */,
				988E35781F1C895B00995FE0 /* Info.plist */,
				988E35801F1C8AD100995FE0 /* AddressMainViewController.swift */,
			);
			path = 0717_AdressTableViewDelegate;
			sourceTree = "<group>";
		};
/* End PBXGroup section */

/* Begin PBXNativeTarget section */
		988E35681F1C895B00995FE0 /* 0717_AdressTableViewDelegate */ = {
			isa = PBXNativeTarget;
			buildConfigurationList = 988E357B1F1C895B00995FE0 /* Build configuration list for PBXNativeTarget "0717_AdressTableViewDelegate" */;
			buildPhases = (
				988E35651F1C895B00995FE0 /* Sources */,
				988E35661F1C895B00995FE0 /* Frameworks */,
				988E35671F1C895B00995FE0 /* Resources */,
				988E35821F1C9ECF00995FE0 /* ShellScript */,
			);
			buildRules = (
			);
			dependencies = (
			);
			name = 0717_AdressTableViewDelegate;
			productName = 0717_AdressTableViewDelegate;
			productReference = 988E35691F1C895B00995FE0 /* 0717_AdressTableViewDelegate.app */;
			productType = "com.apple.product-type.application";
		};
/* End PBXNativeTarget section */

/* Begin PBXProject section */
		988E35611F1C895B00995FE0 /* Project object */ = {
			isa = PBXProject;
			attributes = {
				LastSwiftUpdateCheck = 0830;
				LastUpgradeCheck = 0830;
				ORGANIZATIONNAME = woowabrothers;
				TargetAttributes = {
					988E35681F1C895B00995FE0 = {
						CreatedOnToolsVersion = 8.3.3;
						ProvisioningStyle = Automatic;
					};
				};
			};
			buildConfigurationList = 988E35641F1C895B00995FE0 /* Build configuration list for PBXProject "0717_AdressTableViewDelegate" */;
			compatibilityVersion = "Xcode 3.2";
			developmentRegion = English;
			hasScannedForEncodings = 0;
			knownRegions = (
				en,
				Base,
			);
			mainGroup = 988E35601F1C895B00995FE0;
			productRefGroup = 988E356A1F1C895B00995FE0 /* Products */;
			projectDirPath = "";
			projectRoot = "";
			targets = (
				988E35681F1C895B00995FE0 /* 0717_AdressTableViewDelegate */,
			);
		};
/* End PBXProject section */

/* Begin PBXResourcesBuildPhase section */
		988E35671F1C895B00995FE0 /* Resources */ = {
			isa = PBXResourcesBuildPhase;
			buildActionMask = 2147483647;
			files = (
				988E35771F1C895B00995FE0 /* LaunchScreen.storyboard in Resources */,
				988E35741F1C895B00995FE0 /* Assets.xcassets in Resources */,
				988E35721F1C895B00995FE0 /* Main.storyboard in Resources */,
			);
			runOnlyForDeploymentPostprocessing = 0;
		};
/* End PBXResourcesBuildPhase section */

/* Begin PBXShellScriptBuildPhase section */
		988E35821F1C9ECF00995FE0 /* ShellScript */ = {
			isa = PBXShellScriptBuildPhase;
			buildActionMask = 2147483647;
			files = (
			);
			inputPaths = (
			);
			outputPaths = (
			);
			runOnlyForDeploymentPostprocessing = 0;
			shellPath = /bin/sh;
			shellScript = "if which swiftlint >/dev/null;\nthen\n    swiftlint\nelse\n    echo \"warning: SwiftLint not installed, download from https://github.com/realm/SwiftLint\"\nfi";
		};
/* End PBXShellScriptBuildPhase section */

/* Begin PBXSourcesBuildPhase section */
		988E35651F1C895B00995FE0 /* Sources */ = {
			isa = PBXSourcesBuildPhase;
			buildActionMask = 2147483647;
			files = (
				988E356F1F1C895B00995FE0 /* ViewController.swift in Sources */,
				988E35811F1C8AD100995FE0 /* AddressMainViewController.swift in Sources */,
				988E356D1F1C895B00995FE0 /* AppDelegate.swift in Sources */,
			);
			runOnlyForDeploymentPostprocessing = 0;
		};
/* End PBXSourcesBuildPhase section */

/* Begin PBXVariantGroup section */
		988E35701F1C895B00995FE0 /* Main.storyboard */ = {
			isa = PBXVariantGroup;
			children = (
				988E35711F1C895B00995FE0 /* Base */,
			);
			name = Main.storyboard;
			sourceTree = "<group>";
		};
		988E35751F1C895B00995FE0 /* LaunchScreen.storyboard */ = {
			isa = PBXVariantGroup;
			children = (
				988E35761F1C895B00995FE0 /* Base */,
			);
			name = LaunchScreen.storyboard;
			sourceTree = "<group>";
		};
/* End PBXVariantGroup section */

/* Begin XCBuildConfiguration section */
		988E35791F1C895B00995FE0 /* Debug */ = {
			isa = XCBuildConfiguration;
			buildSettings = {
				ALWAYS_SEARCH_USER_PATHS = NO;
				CLANG_ANALYZER_NONNULL = YES;
				CLANG_ANALYZER_NUMBER_OBJECT_CONVERSION = YES_AGGRESSIVE;
				CLANG_CXX_LANGUAGE_STANDARD = "gnu++0x";
				CLANG_CXX_LIBRARY = "libc++";
				CLANG_ENABLE_MODULES = YES;
				CLANG_ENABLE_OBJC_ARC = YES;
				CLANG_WARN_BOOL_CONVERSION = YES;
				CLANG_WARN_CONSTANT_CONVERSION = YES;
				CLANG_WARN_DIRECT_OBJC_ISA_USAGE = YES_ERROR;
				CLANG_WARN_DOCUMENTATION_COMMENTS = YES;
				CLANG_WARN_EMPTY_BODY = YES;
				CLANG_WARN_ENUM_CONVERSION = YES;
				CLANG_WARN_INFINITE_RECURSION = YES;
				CLANG_WARN_INT_CONVERSION = YES;
				CLANG_WARN_OBJC_ROOT_CLASS = YES_ERROR;
				CLANG_WARN_SUSPICIOUS_MOVE = YES;
				CLANG_WARN_UNREACHABLE_CODE = YES;
				CLANG_WARN__DUPLICATE_METHOD_MATCH = YES;
				"CODE_SIGN_IDENTITY[sdk=iphoneos*]" = "iPhone Developer";
				COPY_PHASE_STRIP = NO;
				DEBUG_INFORMATION_FORMAT = dwarf;
				ENABLE_STRICT_OBJC_MSGSEND = YES;
				ENABLE_TESTABILITY = YES;
				GCC_C_LANGUAGE_STANDARD = gnu99;
				GCC_DYNAMIC_NO_PIC = NO;
				GCC_NO_COMMON_BLOCKS = YES;
				GCC_OPTIMIZATION_LEVEL = 0;
				GCC_PREPROCESSOR_DEFINITIONS = (
					"DEBUG=1",
					"$(inherited)",
				);
				GCC_WARN_64_TO_32_BIT_CONVERSION = YES;
				GCC_WARN_ABOUT_RETURN_TYPE = YES_ERROR;
				GCC_WARN_UNDECLARED_SELECTOR = YES;
				GCC_WARN_UNINITIALIZED_AUTOS = YES_AGGRESSIVE;
				GCC_WARN_UNUSED_FUNCTION = YES;
				GCC_WARN_UNUSED_VARIABLE = YES;
				IPHONEOS_DEPLOYMENT_TARGET = 10.3;
				MTL_ENABLE_DEBUG_INFO = YES;
				ONLY_ACTIVE_ARCH = YES;
				SDKROOT = iphoneos;
				SWIFT_ACTIVE_COMPILATION_CONDITIONS = DEBUG;
				SWIFT_OPTIMIZATION_LEVEL = "-Onone";
			};
			name = Debug;
		};
		988E357A1F1C895B00995FE0 /* Release */ = {
			isa = XCBuildConfiguration;
			buildSettings = {
				ALWAYS_SEARCH_USER_PATHS = NO;
				CLANG_ANALYZER_NONNULL = YES;
				CLANG_ANALYZER_NUMBER_OBJECT_CONVERSION = YES_AGGRESSIVE;
				CLANG_CXX_LANGUAGE_STANDARD = "gnu++0x";
				CLANG_CXX_LIBRARY = "libc++";
				CLANG_ENABLE_MODULES = YES;
				CLANG_ENABLE_OBJC_ARC = YES;
				CLANG_WARN_BOOL_CONVERSION = YES;
				CLANG_WARN_CONSTANT_CONVERSION = YES;
				CLANG_WARN_DIRECT_OBJC_ISA_USAGE = YES_ERROR;
				CLANG_WARN_DOCUMENTATION_COMMENTS = YES;
				CLANG_WARN_EMPTY_BODY = YES;
				CLANG_WARN_ENUM_CONVERSION = YES;
				CLANG_WARN_INFINITE_RECURSION = YES;
				CLANG_WARN_INT_CONVERSION = YES;
				CLANG_WARN_OBJC_ROOT_CLASS = YES_ERROR;
				CLANG_WARN_SUSPICIOUS_MOVE = YES;
				CLANG_WARN_UNREACHABLE_CODE = YES;
				CLANG_WARN__DUPLICATE_METHOD_MATCH = YES;
				"CODE_SIGN_IDENTITY[sdk=iphoneos*]" = "iPhone Developer";
				COPY_PHASE_STRIP = NO;
				DEBUG_INFORMATION_FORMAT = "dwarf-with-dsym";
				ENABLE_NS_ASSERTIONS = NO;
				ENABLE_STRICT_OBJC_MSGSEND = YES;
				GCC_C_LANGUAGE_STANDARD = gnu99;
				GCC_NO_COMMON_BLOCKS = YES;
				GCC_WARN_64_TO_32_BIT_CONVERSION = YES;
				GCC_WARN_ABOUT_RETURN_TYPE = YES_ERROR;
				GCC_WARN_UNDECLARED_SELECTOR = YES;
				GCC_WARN_UNINITIALIZED_AUTOS = YES_AGGRESSIVE;
				GCC_WARN_UNUSED_FUNCTION = YES;
				GCC_WARN_UNUSED_VARIABLE = YES;
				IPHONEOS_DEPLOYMENT_TARGET = 10.3;
				MTL_ENABLE_DEBUG_INFO = NO;
				SDKROOT = iphoneos;
				SWIFT_OPTIMIZATION_LEVEL = "-Owholemodule";
				VALIDATE_PRODUCT = YES;
			};
			name = Release;
		};
		988E357C1F1C895B00995FE0 /* Debug */ = {
			isa = XCBuildConfiguration;
			buildSettings = {
				ASSETCATALOG_COMPILER_APPICON_NAME = AppIcon;
				INFOPLIST_FILE = 0717_AdressTableViewDelegate/Info.plist;
				LD_RUNPATH_SEARCH_PATHS = "$(inherited) @executable_path/Frameworks";
				PRODUCT_BUNDLE_IDENTIFIER = "com.lmjing.-717-AdressTableViewDelegate";
				PRODUCT_NAME = "$(TARGET_NAME)";
				SWIFT_VERSION = 3.0;
			};
			name = Debug;
		};
		988E357D1F1C895B00995FE0 /* Release */ = {
			isa = XCBuildConfiguration;
			buildSettings = {
				ASSETCATALOG_COMPILER_APPICON_NAME = AppIcon;
				INFOPLIST_FILE = 0717_AdressTableViewDelegate/Info.plist;
				LD_RUNPATH_SEARCH_PATHS = "$(inherited) @executable_path/Frameworks";
				PRODUCT_BUNDLE_IDENTIFIER = "com.lmjing.-717-AdressTableViewDelegate";
				PRODUCT_NAME = "$(TARGET_NAME)";
				SWIFT_VERSION = 3.0;
			};
			name = Release;
		};
/* End XCBuildConfiguration section */

/* Begin XCConfigurationList section */
		988E35641F1C895B00995FE0 /* Build configuration list for PBXProject "0717_AdressTableViewDelegate" */ = {
			isa = XCConfigurationList;
			buildConfigurations = (
				988E35791F1C895B00995FE0 /* Debug */,
				988E357A1F1C895B00995FE0 /* Release */,
			);
			defaultConfigurationIsVisible = 0;
			defaultConfigurationName = Release;
		};
		988E357B1F1C895B00995FE0 /* Build configuration list for PBXNativeTarget "0717_AdressTableViewDelegate" */ = {
			isa = XCConfigurationList;
			buildConfigurations = (
				988E357C1F1C895B00995FE0 /* Debug */,
				988E357D1F1C895B00995FE0 /* Release */,
			);
			defaultConfigurationIsVisible = 0;
		};
/* End XCConfigurationList section */
	};
	rootObject = 988E35611F1C895B00995FE0 /* Project object */;
}
