// !$*UTF8*$!
{
	archiveVersion = 1;
	classes = {
	};
	objectVersion = 46;
	objects = {

/* Begin PBXBuildFile section */
		50C771DB1F1B26C700C9066A /* FoodVendingMachine2.swift in Sources */ = {isa = PBXBuildFile; fileRef = 50C771DA1F1B26C700C9066A /* FoodVendingMachine2.swift */; };
		50C771DD1F1B3A6A00C9066A /* AddViewController2.swift in Sources */ = {isa = PBXBuildFile; fileRef = 50C771DC1F1B3A6A00C9066A /* AddViewController2.swift */; };
		98034B5D1F16011600452E38 /* AppDelegate.swift in Sources */ = {isa = PBXBuildFile; fileRef = 98034B5C1F16011600452E38 /* AppDelegate.swift */; };
		98034B5F1F16011600452E38 /* ViewController.swift in Sources */ = {isa = PBXBuildFile; fileRef = 98034B5E1F16011600452E38 /* ViewController.swift */; };
		98034B621F16011600452E38 /* Main.storyboard in Resources */ = {isa = PBXBuildFile; fileRef = 98034B601F16011600452E38 /* Main.storyboard */; };
		98034B641F16011600452E38 /* Assets.xcassets in Resources */ = {isa = PBXBuildFile; fileRef = 98034B631F16011600452E38 /* Assets.xcassets */; };
		98034B671F16011600452E38 /* LaunchScreen.storyboard in Resources */ = {isa = PBXBuildFile; fileRef = 98034B651F16011600452E38 /* LaunchScreen.storyboard */; };
		98034B701F1601EF00452E38 /* Food.swift in Sources */ = {isa = PBXBuildFile; fileRef = 98034B6E1F1601EF00452E38 /* Food.swift */; };
		98034B711F1601EF00452E38 /* FoodVendingMachine.swift in Sources */ = {isa = PBXBuildFile; fileRef = 98034B6F1F1601EF00452E38 /* FoodVendingMachine.swift */; };
		98034B7D1F16378D00452E38 /* AddViewController.swift in Sources */ = {isa = PBXBuildFile; fileRef = 98034B7C1F16378D00452E38 /* AddViewController.swift */; };
		983159B21F26DED300119A2C /* Restaurant.swift in Sources */ = {isa = PBXBuildFile; fileRef = 983159B11F26DED300119A2C /* Restaurant.swift */; };
		983159B41F26E42B00119A2C /* FoodVendingMachine3.swift in Sources */ = {isa = PBXBuildFile; fileRef = 983159B31F26E42B00119A2C /* FoodVendingMachine3.swift */; };
		983159BD1F282BAF00119A2C /* _712_MyVendingTests.swift in Sources */ = {isa = PBXBuildFile; fileRef = 983159BC1F282BAF00119A2C /* _712_MyVendingTests.swift */; };
		983159CB1F28720B00119A2C /* _712_MyVendingUITests.swift in Sources */ = {isa = PBXBuildFile; fileRef = 983159CA1F28720B00119A2C /* _712_MyVendingUITests.swift */; };
/* End PBXBuildFile section */

/* Begin PBXContainerItemProxy section */
		983159BF1F282BAF00119A2C /* PBXContainerItemProxy */ = {
			isa = PBXContainerItemProxy;
			containerPortal = 98034B511F16011600452E38 /* Project object */;
			proxyType = 1;
			remoteGlobalIDString = 98034B581F16011600452E38;
			remoteInfo = 0712_MyVending;
		};
		983159CD1F28720B00119A2C /* PBXContainerItemProxy */ = {
			isa = PBXContainerItemProxy;
			containerPortal = 98034B511F16011600452E38 /* Project object */;
			proxyType = 1;
			remoteGlobalIDString = 98034B581F16011600452E38;
			remoteInfo = 0712_MyVending;
		};
/* End PBXContainerItemProxy section */

/* Begin PBXFileReference section */
		50C771DA1F1B26C700C9066A /* FoodVendingMachine2.swift */ = {isa = PBXFileReference; fileEncoding = 4; lastKnownFileType = sourcecode.swift; path = FoodVendingMachine2.swift; sourceTree = "<group>"; };
		50C771DC1F1B3A6A00C9066A /* AddViewController2.swift */ = {isa = PBXFileReference; fileEncoding = 4; lastKnownFileType = sourcecode.swift; path = AddViewController2.swift; sourceTree = "<group>"; };
		98034B591F16011600452E38 /* 0712_MyVending.app */ = {isa = PBXFileReference; explicitFileType = wrapper.application; includeInIndex = 0; path = 0712_MyVending.app; sourceTree = BUILT_PRODUCTS_DIR; };
		98034B5C1F16011600452E38 /* AppDelegate.swift */ = {isa = PBXFileReference; lastKnownFileType = sourcecode.swift; path = AppDelegate.swift; sourceTree = "<group>"; };
		98034B5E1F16011600452E38 /* ViewController.swift */ = {isa = PBXFileReference; lastKnownFileType = sourcecode.swift; path = ViewController.swift; sourceTree = "<group>"; };
		98034B611F16011600452E38 /* Base */ = {isa = PBXFileReference; lastKnownFileType = file.storyboard; name = Base; path = Base.lproj/Main.storyboard; sourceTree = "<group>"; };
		98034B631F16011600452E38 /* Assets.xcassets */ = {isa = PBXFileReference; lastKnownFileType = folder.assetcatalog; path = Assets.xcassets; sourceTree = "<group>"; };
		98034B661F16011600452E38 /* Base */ = {isa = PBXFileReference; lastKnownFileType = file.storyboard; name = Base; path = Base.lproj/LaunchScreen.storyboard; sourceTree = "<group>"; };
		98034B681F16011600452E38 /* Info.plist */ = {isa = PBXFileReference; lastKnownFileType = text.plist.xml; path = Info.plist; sourceTree = "<group>"; };
		98034B6E1F1601EF00452E38 /* Food.swift */ = {isa = PBXFileReference; fileEncoding = 4; lastKnownFileType = sourcecode.swift; path = Food.swift; sourceTree = "<group>"; };
		98034B6F1F1601EF00452E38 /* FoodVendingMachine.swift */ = {isa = PBXFileReference; fileEncoding = 4; lastKnownFileType = sourcecode.swift; path = FoodVendingMachine.swift; sourceTree = "<group>"; };
		98034B7C1F16378D00452E38 /* AddViewController.swift */ = {isa = PBXFileReference; fileEncoding = 4; lastKnownFileType = sourcecode.swift; path = AddViewController.swift; sourceTree = "<group>"; };
		983159B11F26DED300119A2C /* Restaurant.swift */ = {isa = PBXFileReference; fileEncoding = 4; lastKnownFileType = sourcecode.swift; path = Restaurant.swift; sourceTree = "<group>"; };
		983159B31F26E42B00119A2C /* FoodVendingMachine3.swift */ = {isa = PBXFileReference; fileEncoding = 4; lastKnownFileType = sourcecode.swift; path = FoodVendingMachine3.swift; sourceTree = "<group>"; };
		983159BA1F282BAF00119A2C /* 0712_MyVendingTests.xctest */ = {isa = PBXFileReference; explicitFileType = wrapper.cfbundle; includeInIndex = 0; path = 0712_MyVendingTests.xctest; sourceTree = BUILT_PRODUCTS_DIR; };
		983159BC1F282BAF00119A2C /* _712_MyVendingTests.swift */ = {isa = PBXFileReference; lastKnownFileType = sourcecode.swift; path = _712_MyVendingTests.swift; sourceTree = "<group>"; };
		983159BE1F282BAF00119A2C /* Info.plist */ = {isa = PBXFileReference; lastKnownFileType = text.plist.xml; path = Info.plist; sourceTree = "<group>"; };
		983159C81F28720B00119A2C /* 0712_MyVendingUITests.xctest */ = {isa = PBXFileReference; explicitFileType = wrapper.cfbundle; includeInIndex = 0; path = 0712_MyVendingUITests.xctest; sourceTree = BUILT_PRODUCTS_DIR; };
		983159CA1F28720B00119A2C /* _712_MyVendingUITests.swift */ = {isa = PBXFileReference; lastKnownFileType = sourcecode.swift; path = _712_MyVendingUITests.swift; sourceTree = "<group>"; };
		983159CC1F28720B00119A2C /* Info.plist */ = {isa = PBXFileReference; lastKnownFileType = text.plist.xml; path = Info.plist; sourceTree = "<group>"; };
/* End PBXFileReference section */

/* Begin PBXFrameworksBuildPhase section */
		98034B561F16011600452E38 /* Frameworks */ = {
			isa = PBXFrameworksBuildPhase;
			buildActionMask = 2147483647;
			files = (
			);
			runOnlyForDeploymentPostprocessing = 0;
		};
		983159B71F282BAF00119A2C /* Frameworks */ = {
			isa = PBXFrameworksBuildPhase;
			buildActionMask = 2147483647;
			files = (
			);
			runOnlyForDeploymentPostprocessing = 0;
		};
		983159C51F28720B00119A2C /* Frameworks */ = {
			isa = PBXFrameworksBuildPhase;
			buildActionMask = 2147483647;
			files = (
			);
			runOnlyForDeploymentPostprocessing = 0;
		};
/* End PBXFrameworksBuildPhase section */

/* Begin PBXGroup section */
		98034B501F16011600452E38 = {
			isa = PBXGroup;
			children = (
				98034B5B1F16011600452E38 /* 0712_MyVending */,
				983159BB1F282BAF00119A2C /* 0712_MyVendingTests */,
				983159C91F28720B00119A2C /* 0712_MyVendingUITests */,
				98034B5A1F16011600452E38 /* Products */,
			);
			sourceTree = "<group>";
		};
		98034B5A1F16011600452E38 /* Products */ = {
			isa = PBXGroup;
			children = (
				98034B591F16011600452E38 /* 0712_MyVending.app */,
				983159BA1F282BAF00119A2C /* 0712_MyVendingTests.xctest */,
				983159C81F28720B00119A2C /* 0712_MyVendingUITests.xctest */,
			);
			name = Products;
			sourceTree = "<group>";
		};
		98034B5B1F16011600452E38 /* 0712_MyVending */ = {
			isa = PBXGroup;
			children = (
				98034B6E1F1601EF00452E38 /* Food.swift */,
				983159B11F26DED300119A2C /* Restaurant.swift */,
				98034B6F1F1601EF00452E38 /* FoodVendingMachine.swift */,
				50C771DA1F1B26C700C9066A /* FoodVendingMachine2.swift */,
				983159B31F26E42B00119A2C /* FoodVendingMachine3.swift */,
				98034B5C1F16011600452E38 /* AppDelegate.swift */,
				98034B5E1F16011600452E38 /* ViewController.swift */,
				98034B601F16011600452E38 /* Main.storyboard */,
				98034B631F16011600452E38 /* Assets.xcassets */,
				98034B651F16011600452E38 /* LaunchScreen.storyboard */,
				98034B681F16011600452E38 /* Info.plist */,
				98034B7C1F16378D00452E38 /* AddViewController.swift */,
				50C771DC1F1B3A6A00C9066A /* AddViewController2.swift */,
			);
			path = 0712_MyVending;
			sourceTree = "<group>";
		};
		983159BB1F282BAF00119A2C /* 0712_MyVendingTests */ = {
			isa = PBXGroup;
			children = (
				983159BC1F282BAF00119A2C /* _712_MyVendingTests.swift */,
				983159BE1F282BAF00119A2C /* Info.plist */,
			);
			path = 0712_MyVendingTests;
			sourceTree = "<group>";
		};
		983159C91F28720B00119A2C /* 0712_MyVendingUITests */ = {
			isa = PBXGroup;
			children = (
				983159CA1F28720B00119A2C /* _712_MyVendingUITests.swift */,
				983159CC1F28720B00119A2C /* Info.plist */,
			);
			path = 0712_MyVendingUITests;
			sourceTree = "<group>";
		};
/* End PBXGroup section */

/* Begin PBXNativeTarget section */
		98034B581F16011600452E38 /* 0712_MyVending */ = {
			isa = PBXNativeTarget;
			buildConfigurationList = 98034B6B1F16011600452E38 /* Build configuration list for PBXNativeTarget "0712_MyVending" */;
			buildPhases = (
				98034B551F16011600452E38 /* Sources */,
				98034B561F16011600452E38 /* Frameworks */,
				98034B571F16011600452E38 /* Resources */,
			);
			buildRules = (
			);
			dependencies = (
			);
			name = 0712_MyVending;
			productName = 0712_MyVending;
			productReference = 98034B591F16011600452E38 /* 0712_MyVending.app */;
			productType = "com.apple.product-type.application";
		};
		983159B91F282BAF00119A2C /* 0712_MyVendingTests */ = {
			isa = PBXNativeTarget;
			buildConfigurationList = 983159C31F282BAF00119A2C /* Build configuration list for PBXNativeTarget "0712_MyVendingTests" */;
			buildPhases = (
				983159B61F282BAF00119A2C /* Sources */,
				983159B71F282BAF00119A2C /* Frameworks */,
				983159B81F282BAF00119A2C /* Resources */,
			);
			buildRules = (
			);
			dependencies = (
				983159C01F282BAF00119A2C /* PBXTargetDependency */,
			);
			name = 0712_MyVendingTests;
			productName = 0712_MyVendingTests;
			productReference = 983159BA1F282BAF00119A2C /* 0712_MyVendingTests.xctest */;
			productType = "com.apple.product-type.bundle.unit-test";
		};
		983159C71F28720B00119A2C /* 0712_MyVendingUITests */ = {
			isa = PBXNativeTarget;
			buildConfigurationList = 983159D11F28720B00119A2C /* Build configuration list for PBXNativeTarget "0712_MyVendingUITests" */;
			buildPhases = (
				983159C41F28720B00119A2C /* Sources */,
				983159C51F28720B00119A2C /* Frameworks */,
				983159C61F28720B00119A2C /* Resources */,
			);
			buildRules = (
			);
			dependencies = (
				983159CE1F28720B00119A2C /* PBXTargetDependency */,
			);
			name = 0712_MyVendingUITests;
			productName = 0712_MyVendingUITests;
			productReference = 983159C81F28720B00119A2C /* 0712_MyVendingUITests.xctest */;
			productType = "com.apple.product-type.bundle.ui-testing";
		};
/* End PBXNativeTarget section */

/* Begin PBXProject section */
		98034B511F16011600452E38 /* Project object */ = {
			isa = PBXProject;
			attributes = {
				LastSwiftUpdateCheck = 0830;
				LastUpgradeCheck = 0830;
				ORGANIZATIONNAME = woowabrothers;
				TargetAttributes = {
					98034B581F16011600452E38 = {
						CreatedOnToolsVersion = 8.3.3;
						ProvisioningStyle = Automatic;
					};
					983159B91F282BAF00119A2C = {
						CreatedOnToolsVersion = 8.3.3;
						ProvisioningStyle = Automatic;
						TestTargetID = 98034B581F16011600452E38;
					};
					983159C71F28720B00119A2C = {
						CreatedOnToolsVersion = 8.3.3;
						ProvisioningStyle = Automatic;
						TestTargetID = 98034B581F16011600452E38;
					};
				};
			};
			buildConfigurationList = 98034B541F16011600452E38 /* Build configuration list for PBXProject "0712_MyVending" */;
			compatibilityVersion = "Xcode 3.2";
			developmentRegion = English;
			hasScannedForEncodings = 0;
			knownRegions = (
				en,
				Base,
			);
			mainGroup = 98034B501F16011600452E38;
			productRefGroup = 98034B5A1F16011600452E38 /* Products */;
			projectDirPath = "";
			projectRoot = "";
			targets = (
				98034B581F16011600452E38 /* 0712_MyVending */,
				983159B91F282BAF00119A2C /* 0712_MyVendingTests */,
				983159C71F28720B00119A2C /* 0712_MyVendingUITests */,
			);
		};
/* End PBXProject section */

/* Begin PBXResourcesBuildPhase section */
		98034B571F16011600452E38 /* Resources */ = {
			isa = PBXResourcesBuildPhase;
			buildActionMask = 2147483647;
			files = (
				98034B671F16011600452E38 /* LaunchScreen.storyboard in Resources */,
				98034B641F16011600452E38 /* Assets.xcassets in Resources */,
				98034B621F16011600452E38 /* Main.storyboard in Resources */,
			);
			runOnlyForDeploymentPostprocessing = 0;
		};
		983159B81F282BAF00119A2C /* Resources */ = {
			isa = PBXResourcesBuildPhase;
			buildActionMask = 2147483647;
			files = (
			);
			runOnlyForDeploymentPostprocessing = 0;
		};
		983159C61F28720B00119A2C /* Resources */ = {
			isa = PBXResourcesBuildPhase;
			buildActionMask = 2147483647;
			files = (
			);
			runOnlyForDeploymentPostprocessing = 0;
		};
/* End PBXResourcesBuildPhase section */

/* Begin PBXSourcesBuildPhase section */
		98034B551F16011600452E38 /* Sources */ = {
			isa = PBXSourcesBuildPhase;
			buildActionMask = 2147483647;
			files = (
				50C771DD1F1B3A6A00C9066A /* AddViewController2.swift in Sources */,
				98034B7D1F16378D00452E38 /* AddViewController.swift in Sources */,
				98034B5F1F16011600452E38 /* ViewController.swift in Sources */,
				98034B5D1F16011600452E38 /* AppDelegate.swift in Sources */,
				983159B21F26DED300119A2C /* Restaurant.swift in Sources */,
				98034B701F1601EF00452E38 /* Food.swift in Sources */,
				50C771DB1F1B26C700C9066A /* FoodVendingMachine2.swift in Sources */,
				98034B711F1601EF00452E38 /* FoodVendingMachine.swift in Sources */,
				983159B41F26E42B00119A2C /* FoodVendingMachine3.swift in Sources */,
			);
			runOnlyForDeploymentPostprocessing = 0;
		};
		983159B61F282BAF00119A2C /* Sources */ = {
			isa = PBXSourcesBuildPhase;
			buildActionMask = 2147483647;
			files = (
				983159BD1F282BAF00119A2C /* _712_MyVendingTests.swift in Sources */,
			);
			runOnlyForDeploymentPostprocessing = 0;
		};
		983159C41F28720B00119A2C /* Sources */ = {
			isa = PBXSourcesBuildPhase;
			buildActionMask = 2147483647;
			files = (
				983159CB1F28720B00119A2C /* _712_MyVendingUITests.swift in Sources */,
			);
			runOnlyForDeploymentPostprocessing = 0;
		};
/* End PBXSourcesBuildPhase section */

/* Begin PBXTargetDependency section */
		983159C01F282BAF00119A2C /* PBXTargetDependency */ = {
			isa = PBXTargetDependency;
			target = 98034B581F16011600452E38 /* 0712_MyVending */;
			targetProxy = 983159BF1F282BAF00119A2C /* PBXContainerItemProxy */;
		};
		983159CE1F28720B00119A2C /* PBXTargetDependency */ = {
			isa = PBXTargetDependency;
			target = 98034B581F16011600452E38 /* 0712_MyVending */;
			targetProxy = 983159CD1F28720B00119A2C /* PBXContainerItemProxy */;
		};
/* End PBXTargetDependency section */

/* Begin PBXVariantGroup section */
		98034B601F16011600452E38 /* Main.storyboard */ = {
			isa = PBXVariantGroup;
			children = (
				98034B611F16011600452E38 /* Base */,
			);
			name = Main.storyboard;
			sourceTree = "<group>";
		};
		98034B651F16011600452E38 /* LaunchScreen.storyboard */ = {
			isa = PBXVariantGroup;
			children = (
				98034B661F16011600452E38 /* Base */,
			);
			name = LaunchScreen.storyboard;
			sourceTree = "<group>";
		};
/* End PBXVariantGroup section */

/* Begin XCBuildConfiguration section */
		98034B691F16011600452E38 /* Debug */ = {
			isa = XCBuildConfiguration;
			buildSettings = {
				ALWAYS_SEARCH_USER_PATHS = NO;
				CLANG_ANALYZER_NONNULL = YES;
				CLANG_ANALYZER_NUMBER_OBJECT_CONVERSION = YES_AGGRESSIVE;
				CLANG_CXX_LANGUAGE_STANDARD = "gnu++0x";
				CLANG_CXX_LIBRARY = "libc++";
				CLANG_ENABLE_MODULES = YES;
				CLANG_ENABLE_OBJC_ARC = YES;
				CLANG_WARN_BOOL_CONVERSION = YES;
				CLANG_WARN_CONSTANT_CONVERSION = YES;
				CLANG_WARN_DIRECT_OBJC_ISA_USAGE = YES_ERROR;
				CLANG_WARN_DOCUMENTATION_COMMENTS = YES;
				CLANG_WARN_EMPTY_BODY = YES;
				CLANG_WARN_ENUM_CONVERSION = YES;
				CLANG_WARN_INFINITE_RECURSION = YES;
				CLANG_WARN_INT_CONVERSION = YES;
				CLANG_WARN_OBJC_ROOT_CLASS = YES_ERROR;
				CLANG_WARN_SUSPICIOUS_MOVE = YES;
				CLANG_WARN_UNREACHABLE_CODE = YES;
				CLANG_WARN__DUPLICATE_METHOD_MATCH = YES;
				"CODE_SIGN_IDENTITY[sdk=iphoneos*]" = "iPhone Developer";
				COPY_PHASE_STRIP = NO;
				DEBUG_INFORMATION_FORMAT = dwarf;
				ENABLE_STRICT_OBJC_MSGSEND = YES;
				ENABLE_TESTABILITY = YES;
				GCC_C_LANGUAGE_STANDARD = gnu99;
				GCC_DYNAMIC_NO_PIC = NO;
				GCC_NO_COMMON_BLOCKS = YES;
				GCC_OPTIMIZATION_LEVEL = 0;
				GCC_PREPROCESSOR_DEFINITIONS = (
					"DEBUG=1",
					"$(inherited)",
				);
				GCC_WARN_64_TO_32_BIT_CONVERSION = YES;
				GCC_WARN_ABOUT_RETURN_TYPE = YES_ERROR;
				GCC_WARN_UNDECLARED_SELECTOR = YES;
				GCC_WARN_UNINITIALIZED_AUTOS = YES_AGGRESSIVE;
				GCC_WARN_UNUSED_FUNCTION = YES;
				GCC_WARN_UNUSED_VARIABLE = YES;
				IPHONEOS_DEPLOYMENT_TARGET = 10.3;
				MTL_ENABLE_DEBUG_INFO = YES;
				ONLY_ACTIVE_ARCH = YES;
				SDKROOT = iphoneos;
				SWIFT_ACTIVE_COMPILATION_CONDITIONS = DEBUG;
				SWIFT_OPTIMIZATION_LEVEL = "-Onone";
			};
			name = Debug;
		};
		98034B6A1F16011600452E38 /* Release */ = {
			isa = XCBuildConfiguration;
			buildSettings = {
				ALWAYS_SEARCH_USER_PATHS = NO;
				CLANG_ANALYZER_NONNULL = YES;
				CLANG_ANALYZER_NUMBER_OBJECT_CONVERSION = YES_AGGRESSIVE;
				CLANG_CXX_LANGUAGE_STANDARD = "gnu++0x";
				CLANG_CXX_LIBRARY = "libc++";
				CLANG_ENABLE_MODULES = YES;
				CLANG_ENABLE_OBJC_ARC = YES;
				CLANG_WARN_BOOL_CONVERSION = YES;
				CLANG_WARN_CONSTANT_CONVERSION = YES;
				CLANG_WARN_DIRECT_OBJC_ISA_USAGE = YES_ERROR;
				CLANG_WARN_DOCUMENTATION_COMMENTS = YES;
				CLANG_WARN_EMPTY_BODY = YES;
				CLANG_WARN_ENUM_CONVERSION = YES;
				CLANG_WARN_INFINITE_RECURSION = YES;
				CLANG_WARN_INT_CONVERSION = YES;
				CLANG_WARN_OBJC_ROOT_CLASS = YES_ERROR;
				CLANG_WARN_SUSPICIOUS_MOVE = YES;
				CLANG_WARN_UNREACHABLE_CODE = YES;
				CLANG_WARN__DUPLICATE_METHOD_MATCH = YES;
				"CODE_SIGN_IDENTITY[sdk=iphoneos*]" = "iPhone Developer";
				COPY_PHASE_STRIP = NO;
				DEBUG_INFORMATION_FORMAT = "dwarf-with-dsym";
				ENABLE_NS_ASSERTIONS = NO;
				ENABLE_STRICT_OBJC_MSGSEND = YES;
				GCC_C_LANGUAGE_STANDARD = gnu99;
				GCC_NO_COMMON_BLOCKS = YES;
				GCC_WARN_64_TO_32_BIT_CONVERSION = YES;
				GCC_WARN_ABOUT_RETURN_TYPE = YES_ERROR;
				GCC_WARN_UNDECLARED_SELECTOR = YES;
				GCC_WARN_UNINITIALIZED_AUTOS = YES_AGGRESSIVE;
				GCC_WARN_UNUSED_FUNCTION = YES;
				GCC_WARN_UNUSED_VARIABLE = YES;
				IPHONEOS_DEPLOYMENT_TARGET = 10.3;
				MTL_ENABLE_DEBUG_INFO = NO;
				SDKROOT = iphoneos;
				SWIFT_OPTIMIZATION_LEVEL = "-Owholemodule";
				VALIDATE_PRODUCT = YES;
			};
			name = Release;
		};
		98034B6C1F16011600452E38 /* Debug */ = {
			isa = XCBuildConfiguration;
			buildSettings = {
				ASSETCATALOG_COMPILER_APPICON_NAME = AppIcon;
				INFOPLIST_FILE = 0712_MyVending/Info.plist;
				IPHONEOS_DEPLOYMENT_TARGET = 10.2;
				LD_RUNPATH_SEARCH_PATHS = "$(inherited) @executable_path/Frameworks";
				PRODUCT_BUNDLE_IDENTIFIER = "com.lmjing.-712-MyVending";
				PRODUCT_NAME = "$(TARGET_NAME)";
				SWIFT_VERSION = 3.0;
				TARGETED_DEVICE_FAMILY = 2;
			};
			name = Debug;
		};
		98034B6D1F16011600452E38 /* Release */ = {
			isa = XCBuildConfiguration;
			buildSettings = {
				ASSETCATALOG_COMPILER_APPICON_NAME = AppIcon;
				INFOPLIST_FILE = 0712_MyVending/Info.plist;
				IPHONEOS_DEPLOYMENT_TARGET = 10.2;
				LD_RUNPATH_SEARCH_PATHS = "$(inherited) @executable_path/Frameworks";
				PRODUCT_BUNDLE_IDENTIFIER = "com.lmjing.-712-MyVending";
				PRODUCT_NAME = "$(TARGET_NAME)";
				SWIFT_VERSION = 3.0;
				TARGETED_DEVICE_FAMILY = 2;
			};
			name = Release;
		};
		983159C11F282BAF00119A2C /* Debug */ = {
			isa = XCBuildConfiguration;
			buildSettings = {
				BUNDLE_LOADER = "$(TEST_HOST)";
				INFOPLIST_FILE = 0712_MyVendingTests/Info.plist;
				LD_RUNPATH_SEARCH_PATHS = "$(inherited) @executable_path/Frameworks @loader_path/Frameworks";
				PRODUCT_BUNDLE_IDENTIFIER = "com.lmjing.-712-MyVendingTests";
				PRODUCT_NAME = "$(TARGET_NAME)";
				SWIFT_VERSION = 3.0;
				TEST_HOST = "$(BUILT_PRODUCTS_DIR)/0712_MyVending.app/0712_MyVending";
			};
			name = Debug;
		};
		983159C21F282BAF00119A2C /* Release */ = {
			isa = XCBuildConfiguration;
			buildSettings = {
				BUNDLE_LOADER = "$(TEST_HOST)";
				INFOPLIST_FILE = 0712_MyVendingTests/Info.plist;
				LD_RUNPATH_SEARCH_PATHS = "$(inherited) @executable_path/Frameworks @loader_path/Frameworks";
				PRODUCT_BUNDLE_IDENTIFIER = "com.lmjing.-712-MyVendingTests";
				PRODUCT_NAME = "$(TARGET_NAME)";
				SWIFT_VERSION = 3.0;
				TEST_HOST = "$(BUILT_PRODUCTS_DIR)/0712_MyVending.app/0712_MyVending";
			};
			name = Release;
		};
		983159CF1F28720B00119A2C /* Debug */ = {
			isa = XCBuildConfiguration;
			buildSettings = {
				INFOPLIST_FILE = 0712_MyVendingUITests/Info.plist;
				LD_RUNPATH_SEARCH_PATHS = "$(inherited) @executable_path/Frameworks @loader_path/Frameworks";
				PRODUCT_BUNDLE_IDENTIFIER = "com.lmjing.-712-MyVendingUITests";
				PRODUCT_NAME = "$(TARGET_NAME)";
				SWIFT_VERSION = 3.0;
				TEST_TARGET_NAME = 0712_MyVending;
			};
			name = Debug;
		};
		983159D01F28720B00119A2C /* Release */ = {
			isa = XCBuildConfiguration;
			buildSettings = {
				INFOPLIST_FILE = 0712_MyVendingUITests/Info.plist;
				LD_RUNPATH_SEARCH_PATHS = "$(inherited) @executable_path/Frameworks @loader_path/Frameworks";
				PRODUCT_BUNDLE_IDENTIFIER = "com.lmjing.-712-MyVendingUITests";
				PRODUCT_NAME = "$(TARGET_NAME)";
				SWIFT_VERSION = 3.0;
				TEST_TARGET_NAME = 0712_MyVending;
			};
			name = Release;
		};
/* End XCBuildConfiguration section */

/* Begin XCConfigurationList section */
		98034B541F16011600452E38 /* Build configuration list for PBXProject "0712_MyVending" */ = {
			isa = XCConfigurationList;
			buildConfigurations = (
				98034B691F16011600452E38 /* Debug */,
				98034B6A1F16011600452E38 /* Release */,
			);
			defaultConfigurationIsVisible = 0;
			defaultConfigurationName = Release;
		};
		98034B6B1F16011600452E38 /* Build configuration list for PBXNativeTarget "0712_MyVending" */ = {
			isa = XCConfigurationList;
			buildConfigurations = (
				98034B6C1F16011600452E38 /* Debug */,
				98034B6D1F16011600452E38 /* Release */,
			);
			defaultConfigurationIsVisible = 0;
			defaultConfigurationName = Release;
		};
		983159C31F282BAF00119A2C /* Build configuration list for PBXNativeTarget "0712_MyVendingTests" */ = {
			isa = XCConfigurationList;
			buildConfigurations = (
				983159C11F282BAF00119A2C /* Debug */,
				983159C21F282BAF00119A2C /* Release */,
			);
			defaultConfigurationIsVisible = 0;
			defaultConfigurationName = Release;
		};
		983159D11F28720B00119A2C /* Build configuration list for PBXNativeTarget "0712_MyVendingUITests" */ = {
			isa = XCConfigurationList;
			buildConfigurations = (
				983159CF1F28720B00119A2C /* Debug */,
				983159D01F28720B00119A2C /* Release */,
			);
			defaultConfigurationIsVisible = 0;
		};
/* End XCConfigurationList section */
	};
	rootObject = 98034B511F16011600452E38 /* Project object */;
}
