// !$*UTF8*$!
{
	archiveVersion = 1;
	classes = {
	};
	objectVersion = 46;
	objects = {

/* Begin PBXBuildFile section */
		98034BAB1F17512100452E38 /* AppDelegate.swift in Sources */ = {isa = PBXBuildFile; fileRef = 98034BAA1F17512100452E38 /* AppDelegate.swift */; };
		98034BAD1F17512100452E38 /* ViewController.swift in Sources */ = {isa = PBXBuildFile; fileRef = 98034BAC1F17512100452E38 /* ViewController.swift */; };
		98034BB01F17512100452E38 /* Main.storyboard in Resources */ = {isa = PBXBuildFile; fileRef = 98034BAE1F17512100452E38 /* Main.storyboard */; };
		98034BB21F17512100452E38 /* Assets.xcassets in Resources */ = {isa = PBXBuildFile; fileRef = 98034BB11F17512100452E38 /* Assets.xcassets */; };
		98034BB51F17512100452E38 /* LaunchScreen.storyboard in Resources */ = {isa = PBXBuildFile; fileRef = 98034BB31F17512100452E38 /* LaunchScreen.storyboard */; };
		98034BBF1F175A4400452E38 /* AddressTableViewController.swift in Sources */ = {isa = PBXBuildFile; fileRef = 98034BBE1F175A4400452E38 /* AddressTableViewController.swift */; };
/* End PBXBuildFile section */

/* Begin PBXFileReference section */
		98034BA71F17512100452E38 /* 0713_AdressBook.app */ = {isa = PBXFileReference; explicitFileType = wrapper.application; includeInIndex = 0; path = 0713_AdressBook.app; sourceTree = BUILT_PRODUCTS_DIR; };
		98034BAA1F17512100452E38 /* AppDelegate.swift */ = {isa = PBXFileReference; lastKnownFileType = sourcecode.swift; path = AppDelegate.swift; sourceTree = "<group>"; };
		98034BAC1F17512100452E38 /* ViewController.swift */ = {isa = PBXFileReference; lastKnownFileType = sourcecode.swift; path = ViewController.swift; sourceTree = "<group>"; };
		98034BAF1F17512100452E38 /* Base */ = {isa = PBXFileReference; lastKnownFileType = file.storyboard; name = Base; path = Base.lproj/Main.storyboard; sourceTree = "<group>"; };
		98034BB11F17512100452E38 /* Assets.xcassets */ = {isa = PBXFileReference; lastKnownFileType = folder.assetcatalog; path = Assets.xcassets; sourceTree = "<group>"; };
		98034BB41F17512100452E38 /* Base */ = {isa = PBXFileReference; lastKnownFileType = file.storyboard; name = Base; path = Base.lproj/LaunchScreen.storyboard; sourceTree = "<group>"; };
		98034BB61F17512100452E38 /* Info.plist */ = {isa = PBXFileReference; lastKnownFileType = text.plist.xml; path = Info.plist; sourceTree = "<group>"; };
		98034BBE1F175A4400452E38 /* AddressTableViewController.swift */ = {isa = PBXFileReference; fileEncoding = 4; lastKnownFileType = sourcecode.swift; path = AddressTableViewController.swift; sourceTree = "<group>"; };
/* End PBXFileReference section */

/* Begin PBXFrameworksBuildPhase section */
		98034BA41F17512100452E38 /* Frameworks */ = {
			isa = PBXFrameworksBuildPhase;
			buildActionMask = 2147483647;
			files = (
			);
			runOnlyForDeploymentPostprocessing = 0;
		};
/* End PBXFrameworksBuildPhase section */

/* Begin PBXGroup section */
		98034B9E1F17512100452E38 = {
			isa = PBXGroup;
			children = (
				98034BA91F17512100452E38 /* 0713_AdressBook */,
				98034BA81F17512100452E38 /* Products */,
			);
			sourceTree = "<group>";
		};
		98034BA81F17512100452E38 /* Products */ = {
			isa = PBXGroup;
			children = (
				98034BA71F17512100452E38 /* 0713_AdressBook.app */,
			);
			name = Products;
			sourceTree = "<group>";
		};
		98034BA91F17512100452E38 /* 0713_AdressBook */ = {
			isa = PBXGroup;
			children = (
				98034BAA1F17512100452E38 /* AppDelegate.swift */,
				98034BAC1F17512100452E38 /* ViewController.swift */,
				98034BAE1F17512100452E38 /* Main.storyboard */,
				98034BB11F17512100452E38 /* Assets.xcassets */,
				98034BB31F17512100452E38 /* LaunchScreen.storyboard */,
				98034BB61F17512100452E38 /* Info.plist */,
				98034BBE1F175A4400452E38 /* AddressTableViewController.swift */,
			);
			path = 0713_AdressBook;
			sourceTree = "<group>";
		};
/* End PBXGroup section */

/* Begin PBXNativeTarget section */
		98034BA61F17512100452E38 /* 0713_AdressBook */ = {
			isa = PBXNativeTarget;
			buildConfigurationList = 98034BB91F17512100452E38 /* Build configuration list for PBXNativeTarget "0713_AdressBook" */;
			buildPhases = (
				98034BA31F17512100452E38 /* Sources */,
				98034BA41F17512100452E38 /* Frameworks */,
				98034BA51F17512100452E38 /* Resources */,
			);
			buildRules = (
			);
			dependencies = (
			);
			name = 0713_AdressBook;
			productName = 0713_AdressBook;
			productReference = 98034BA71F17512100452E38 /* 0713_AdressBook.app */;
			productType = "com.apple.product-type.application";
		};
/* End PBXNativeTarget section */

/* Begin PBXProject section */
		98034B9F1F17512100452E38 /* Project object */ = {
			isa = PBXProject;
			attributes = {
				LastSwiftUpdateCheck = 0830;
				LastUpgradeCheck = 0830;
				ORGANIZATIONNAME = woowabrothers;
				TargetAttributes = {
					98034BA61F17512100452E38 = {
						CreatedOnToolsVersion = 8.3.3;
						ProvisioningStyle = Automatic;
					};
				};
			};
			buildConfigurationList = 98034BA21F17512100452E38 /* Build configuration list for PBXProject "0713_AdressBook" */;
			compatibilityVersion = "Xcode 3.2";
			developmentRegion = English;
			hasScannedForEncodings = 0;
			knownRegions = (
				en,
				Base,
			);
			mainGroup = 98034B9E1F17512100452E38;
			productRefGroup = 98034BA81F17512100452E38 /* Products */;
			projectDirPath = "";
			projectRoot = "";
			targets = (
				98034BA61F17512100452E38 /* 0713_AdressBook */,
			);
		};
/* End PBXProject section */

/* Begin PBXResourcesBuildPhase section */
		98034BA51F17512100452E38 /* Resources */ = {
			isa = PBXResourcesBuildPhase;
			buildActionMask = 2147483647;
			files = (
				98034BB51F17512100452E38 /* LaunchScreen.storyboard in Resources */,
				98034BB21F17512100452E38 /* Assets.xcassets in Resources */,
				98034BB01F17512100452E38 /* Main.storyboard in Resources */,
			);
			runOnlyForDeploymentPostprocessing = 0;
		};
/* End PBXResourcesBuildPhase section */

/* Begin PBXSourcesBuildPhase section */
		98034BA31F17512100452E38 /* Sources */ = {
			isa = PBXSourcesBuildPhase;
			buildActionMask = 2147483647;
			files = (
				98034BAD1F17512100452E38 /* ViewController.swift in Sources */,
				98034BBF1F175A4400452E38 /* AddressTableViewController.swift in Sources */,
				98034BAB1F17512100452E38 /* AppDelegate.swift in Sources */,
			);
			runOnlyForDeploymentPostprocessing = 0;
		};
/* End PBXSourcesBuildPhase section */

/* Begin PBXVariantGroup section */
		98034BAE1F17512100452E38 /* Main.storyboard */ = {
			isa = PBXVariantGroup;
			children = (
				98034BAF1F17512100452E38 /* Base */,
			);
			name = Main.storyboard;
			sourceTree = "<group>";
		};
		98034BB31F17512100452E38 /* LaunchScreen.storyboard */ = {
			isa = PBXVariantGroup;
			children = (
				98034BB41F17512100452E38 /* Base */,
			);
			name = LaunchScreen.storyboard;
			sourceTree = "<group>";
		};
/* End PBXVariantGroup section */

/* Begin XCBuildConfiguration section */
		98034BB71F17512100452E38 /* Debug */ = {
			isa = XCBuildConfiguration;
			buildSettings = {
				ALWAYS_SEARCH_USER_PATHS = NO;
				CLANG_ANALYZER_NONNULL = YES;
				CLANG_ANALYZER_NUMBER_OBJECT_CONVERSION = YES_AGGRESSIVE;
				CLANG_CXX_LANGUAGE_STANDARD = "gnu++0x";
				CLANG_CXX_LIBRARY = "libc++";
				CLANG_ENABLE_MODULES = YES;
				CLANG_ENABLE_OBJC_ARC = YES;
				CLANG_WARN_BOOL_CONVERSION = YES;
				CLANG_WARN_CONSTANT_CONVERSION = YES;
				CLANG_WARN_DIRECT_OBJC_ISA_USAGE = YES_ERROR;
				CLANG_WARN_DOCUMENTATION_COMMENTS = YES;
				CLANG_WARN_EMPTY_BODY = YES;
				CLANG_WARN_ENUM_CONVERSION = YES;
				CLANG_WARN_INFINITE_RECURSION = YES;
				CLANG_WARN_INT_CONVERSION = YES;
				CLANG_WARN_OBJC_ROOT_CLASS = YES_ERROR;
				CLANG_WARN_SUSPICIOUS_MOVE = YES;
				CLANG_WARN_UNREACHABLE_CODE = YES;
				CLANG_WARN__DUPLICATE_METHOD_MATCH = YES;
				"CODE_SIGN_IDENTITY[sdk=iphoneos*]" = "iPhone Developer";
				COPY_PHASE_STRIP = NO;
				DEBUG_INFORMATION_FORMAT = dwarf;
				ENABLE_STRICT_OBJC_MSGSEND = YES;
				ENABLE_TESTABILITY = YES;
				GCC_C_LANGUAGE_STANDARD = gnu99;
				GCC_DYNAMIC_NO_PIC = NO;
				GCC_NO_COMMON_BLOCKS = YES;
				GCC_OPTIMIZATION_LEVEL = 0;
				GCC_PREPROCESSOR_DEFINITIONS = (
					"DEBUG=1",
					"$(inherited)",
				);
				GCC_WARN_64_TO_32_BIT_CONVERSION = YES;
				GCC_WARN_ABOUT_RETURN_TYPE = YES_ERROR;
				GCC_WARN_UNDECLARED_SELECTOR = YES;
				GCC_WARN_UNINITIALIZED_AUTOS = YES_AGGRESSIVE;
				GCC_WARN_UNUSED_FUNCTION = YES;
				GCC_WARN_UNUSED_VARIABLE = YES;
				IPHONEOS_DEPLOYMENT_TARGET = 10.3;
				MTL_ENABLE_DEBUG_INFO = YES;
				ONLY_ACTIVE_ARCH = YES;
				SDKROOT = iphoneos;
				SWIFT_ACTIVE_COMPILATION_CONDITIONS = DEBUG;
				SWIFT_OPTIMIZATION_LEVEL = "-Onone";
			};
			name = Debug;
		};
		98034BB81F17512100452E38 /* Release */ = {
			isa = XCBuildConfiguration;
			buildSettings = {
				ALWAYS_SEARCH_USER_PATHS = NO;
				CLANG_ANALYZER_NONNULL = YES;
				CLANG_ANALYZER_NUMBER_OBJECT_CONVERSION = YES_AGGRESSIVE;
				CLANG_CXX_LANGUAGE_STANDARD = "gnu++0x";
				CLANG_CXX_LIBRARY = "libc++";
				CLANG_ENABLE_MODULES = YES;
				CLANG_ENABLE_OBJC_ARC = YES;
				CLANG_WARN_BOOL_CONVERSION = YES;
				CLANG_WARN_CONSTANT_CONVERSION = YES;
				CLANG_WARN_DIRECT_OBJC_ISA_USAGE = YES_ERROR;
				CLANG_WARN_DOCUMENTATION_COMMENTS = YES;
				CLANG_WARN_EMPTY_BODY = YES;
				CLANG_WARN_ENUM_CONVERSION = YES;
				CLANG_WARN_INFINITE_RECURSION = YES;
				CLANG_WARN_INT_CONVERSION = YES;
				CLANG_WARN_OBJC_ROOT_CLASS = YES_ERROR;
				CLANG_WARN_SUSPICIOUS_MOVE = YES;
				CLANG_WARN_UNREACHABLE_CODE = YES;
				CLANG_WARN__DUPLICATE_METHOD_MATCH = YES;
				"CODE_SIGN_IDENTITY[sdk=iphoneos*]" = "iPhone Developer";
				COPY_PHASE_STRIP = NO;
				DEBUG_INFORMATION_FORMAT = "dwarf-with-dsym";
				ENABLE_NS_ASSERTIONS = NO;
				ENABLE_STRICT_OBJC_MSGSEND = YES;
				GCC_C_LANGUAGE_STANDARD = gnu99;
				GCC_NO_COMMON_BLOCKS = YES;
				GCC_WARN_64_TO_32_BIT_CONVERSION = YES;
				GCC_WARN_ABOUT_RETURN_TYPE = YES_ERROR;
				GCC_WARN_UNDECLARED_SELECTOR = YES;
				GCC_WARN_UNINITIALIZED_AUTOS = YES_AGGRESSIVE;
				GCC_WARN_UNUSED_FUNCTION = YES;
				GCC_WARN_UNUSED_VARIABLE = YES;
				IPHONEOS_DEPLOYMENT_TARGET = 10.3;
				MTL_ENABLE_DEBUG_INFO = NO;
				SDKROOT = iphoneos;
				SWIFT_OPTIMIZATION_LEVEL = "-Owholemodule";
				VALIDATE_PRODUCT = YES;
			};
			name = Release;
		};
		98034BBA1F17512100452E38 /* Debug */ = {
			isa = XCBuildConfiguration;
			buildSettings = {
				ASSETCATALOG_COMPILER_APPICON_NAME = AppIcon;
				INFOPLIST_FILE = 0713_AdressBook/Info.plist;
				LD_RUNPATH_SEARCH_PATHS = "$(inherited) @executable_path/Frameworks";
				PRODUCT_BUNDLE_IDENTIFIER = "com.lmjing.-713-AdressBook";
				PRODUCT_NAME = "$(TARGET_NAME)";
				SWIFT_VERSION = 3.0;
			};
			name = Debug;
		};
		98034BBB1F17512100452E38 /* Release */ = {
			isa = XCBuildConfiguration;
			buildSettings = {
				ASSETCATALOG_COMPILER_APPICON_NAME = AppIcon;
				INFOPLIST_FILE = 0713_AdressBook/Info.plist;
				LD_RUNPATH_SEARCH_PATHS = "$(inherited) @executable_path/Frameworks";
				PRODUCT_BUNDLE_IDENTIFIER = "com.lmjing.-713-AdressBook";
				PRODUCT_NAME = "$(TARGET_NAME)";
				SWIFT_VERSION = 3.0;
			};
			name = Release;
		};
/* End XCBuildConfiguration section */

/* Begin XCConfigurationList section */
		98034BA21F17512100452E38 /* Build configuration list for PBXProject "0713_AdressBook" */ = {
			isa = XCConfigurationList;
			buildConfigurations = (
				98034BB71F17512100452E38 /* Debug */,
				98034BB81F17512100452E38 /* Release */,
			);
			defaultConfigurationIsVisible = 0;
			defaultConfigurationName = Release;
		};
		98034BB91F17512100452E38 /* Build configuration list for PBXNativeTarget "0713_AdressBook" */ = {
			isa = XCConfigurationList;
			buildConfigurations = (
				98034BBA1F17512100452E38 /* Debug */,
				98034BBB1F17512100452E38 /* Release */,
			);
			defaultConfigurationIsVisible = 0;
		};
/* End XCConfigurationList section */
	};
	rootObject = 98034B9F1F17512100452E38 /* Project object */;
}
