// !$*UTF8*$!
{
	archiveVersion = 1;
	classes = {
	};
	objectVersion = 46;
	objects = {

/* Begin PBXBuildFile section */
		981CACEF1F3833C3009A6B12 /* AppDelegate.swift in Sources */ = {isa = PBXBuildFile; fileRef = 981CACEE1F3833C3009A6B12 /* AppDelegate.swift */; };
		981CACF11F3833C3009A6B12 /* ViewController.swift in Sources */ = {isa = PBXBuildFile; fileRef = 981CACF01F3833C3009A6B12 /* ViewController.swift */; };
		981CACF41F3833C3009A6B12 /* Main.storyboard in Resources */ = {isa = PBXBuildFile; fileRef = 981CACF21F3833C3009A6B12 /* Main.storyboard */; };
		981CACF61F3833C3009A6B12 /* Assets.xcassets in Resources */ = {isa = PBXBuildFile; fileRef = 981CACF51F3833C3009A6B12 /* Assets.xcassets */; };
		981CACF91F3833C3009A6B12 /* LaunchScreen.storyboard in Resources */ = {isa = PBXBuildFile; fileRef = 981CACF71F3833C3009A6B12 /* LaunchScreen.storyboard */; };
		981CAD031F3843CF009A6B12 /* CoreLocation.framework in Frameworks */ = {isa = PBXBuildFile; fileRef = 981CAD021F3843CF009A6B12 /* CoreLocation.framework */; };
		981CAD051F3867D2009A6B12 /* ViewController2.swift in Sources */ = {isa = PBXBuildFile; fileRef = 981CAD041F3867D2009A6B12 /* ViewController2.swift */; };
		981CAD071F387DDA009A6B12 /* config.plist in Resources */ = {isa = PBXBuildFile; fileRef = 981CAD061F387DDA009A6B12 /* config.plist */; };
		9B1F77D87C7E0934B768A968 /* Pods_exerciseMap.framework in Frameworks */ = {isa = PBXBuildFile; fileRef = 9B866B71ED2F5120E6A93A71 /* Pods_exerciseMap.framework */; };
/* End PBXBuildFile section */

/* Begin PBXFileReference section */
		621CBD5275F362A233F482B7 /* Pods-exerciseMap.release.xcconfig */ = {isa = PBXFileReference; includeInIndex = 1; lastKnownFileType = text.xcconfig; name = "Pods-exerciseMap.release.xcconfig"; path = "Pods/Target Support Files/Pods-exerciseMap/Pods-exerciseMap.release.xcconfig"; sourceTree = "<group>"; };
		981CACEB1F3833C3009A6B12 /* exerciseMap.app */ = {isa = PBXFileReference; explicitFileType = wrapper.application; includeInIndex = 0; path = exerciseMap.app; sourceTree = BUILT_PRODUCTS_DIR; };
		981CACEE1F3833C3009A6B12 /* AppDelegate.swift */ = {isa = PBXFileReference; lastKnownFileType = sourcecode.swift; path = AppDelegate.swift; sourceTree = "<group>"; };
		981CACF01F3833C3009A6B12 /* ViewController.swift */ = {isa = PBXFileReference; lastKnownFileType = sourcecode.swift; path = ViewController.swift; sourceTree = "<group>"; };
		981CACF31F3833C3009A6B12 /* Base */ = {isa = PBXFileReference; lastKnownFileType = file.storyboard; name = Base; path = Base.lproj/Main.storyboard; sourceTree = "<group>"; };
		981CACF51F3833C3009A6B12 /* Assets.xcassets */ = {isa = PBXFileReference; lastKnownFileType = folder.assetcatalog; path = Assets.xcassets; sourceTree = "<group>"; };
		981CACF81F3833C3009A6B12 /* Base */ = {isa = PBXFileReference; lastKnownFileType = file.storyboard; name = Base; path = Base.lproj/LaunchScreen.storyboard; sourceTree = "<group>"; };
		981CACFA1F3833C3009A6B12 /* Info.plist */ = {isa = PBXFileReference; lastKnownFileType = text.plist.xml; path = Info.plist; sourceTree = "<group>"; };
		981CAD021F3843CF009A6B12 /* CoreLocation.framework */ = {isa = PBXFileReference; lastKnownFileType = wrapper.framework; name = CoreLocation.framework; path = System/Library/Frameworks/CoreLocation.framework; sourceTree = SDKROOT; };
		981CAD041F3867D2009A6B12 /* ViewController2.swift */ = {isa = PBXFileReference; fileEncoding = 4; lastKnownFileType = sourcecode.swift; path = ViewController2.swift; sourceTree = "<group>"; };
		981CAD061F387DDA009A6B12 /* config.plist */ = {isa = PBXFileReference; fileEncoding = 4; lastKnownFileType = text.plist.xml; path = config.plist; sourceTree = "<group>"; };
		9B866B71ED2F5120E6A93A71 /* Pods_exerciseMap.framework */ = {isa = PBXFileReference; explicitFileType = wrapper.framework; includeInIndex = 0; path = Pods_exerciseMap.framework; sourceTree = BUILT_PRODUCTS_DIR; };
		F4050511BD63750A2A90E1E3 /* Pods-exerciseMap.debug.xcconfig */ = {isa = PBXFileReference; includeInIndex = 1; lastKnownFileType = text.xcconfig; name = "Pods-exerciseMap.debug.xcconfig"; path = "Pods/Target Support Files/Pods-exerciseMap/Pods-exerciseMap.debug.xcconfig"; sourceTree = "<group>"; };
/* End PBXFileReference section */

/* Begin PBXFrameworksBuildPhase section */
		981CACE81F3833C3009A6B12 /* Frameworks */ = {
			isa = PBXFrameworksBuildPhase;
			buildActionMask = 2147483647;
			files = (
				981CAD031F3843CF009A6B12 /* CoreLocation.framework in Frameworks */,
				9B1F77D87C7E0934B768A968 /* Pods_exerciseMap.framework in Frameworks */,
			);
			runOnlyForDeploymentPostprocessing = 0;
		};
/* End PBXFrameworksBuildPhase section */

/* Begin PBXGroup section */
		79B4D8013090BB6F7816ED15 /* Pods */ = {
			isa = PBXGroup;
			children = (
				F4050511BD63750A2A90E1E3 /* Pods-exerciseMap.debug.xcconfig */,
				621CBD5275F362A233F482B7 /* Pods-exerciseMap.release.xcconfig */,
			);
			name = Pods;
			sourceTree = "<group>";
		};
		981CACE21F3833C3009A6B12 = {
			isa = PBXGroup;
			children = (
				981CACED1F3833C3009A6B12 /* exerciseMap */,
				981CACEC1F3833C3009A6B12 /* Products */,
				79B4D8013090BB6F7816ED15 /* Pods */,
				C8AF4987252D664B8385EA79 /* Frameworks */,
			);
			sourceTree = "<group>";
		};
		981CACEC1F3833C3009A6B12 /* Products */ = {
			isa = PBXGroup;
			children = (
				981CACEB1F3833C3009A6B12 /* exerciseMap.app */,
			);
			name = Products;
			sourceTree = "<group>";
		};
		981CACED1F3833C3009A6B12 /* exerciseMap */ = {
			isa = PBXGroup;
			children = (
				981CACEE1F3833C3009A6B12 /* AppDelegate.swift */,
				981CACF01F3833C3009A6B12 /* ViewController.swift */,
				981CACF21F3833C3009A6B12 /* Main.storyboard */,
				981CACF51F3833C3009A6B12 /* Assets.xcassets */,
				981CACF71F3833C3009A6B12 /* LaunchScreen.storyboard */,
				981CACFA1F3833C3009A6B12 /* Info.plist */,
				981CAD041F3867D2009A6B12 /* ViewController2.swift */,
				981CAD061F387DDA009A6B12 /* config.plist */,
			);
			path = exerciseMap;
			sourceTree = "<group>";
		};
		C8AF4987252D664B8385EA79 /* Frameworks */ = {
			isa = PBXGroup;
			children = (
				981CAD021F3843CF009A6B12 /* CoreLocation.framework */,
				9B866B71ED2F5120E6A93A71 /* Pods_exerciseMap.framework */,
			);
			name = Frameworks;
			sourceTree = "<group>";
		};
/* End PBXGroup section */

/* Begin PBXNativeTarget section */
		981CACEA1F3833C3009A6B12 /* exerciseMap */ = {
			isa = PBXNativeTarget;
			buildConfigurationList = 981CACFD1F3833C3009A6B12 /* Build configuration list for PBXNativeTarget "exerciseMap" */;
			buildPhases = (
				A8F7CB935E3854D7B1F38EEE /* [CP] Check Pods Manifest.lock */,
				981CACE71F3833C3009A6B12 /* Sources */,
				981CACE81F3833C3009A6B12 /* Frameworks */,
				981CACE91F3833C3009A6B12 /* Resources */,
				F8E2B1AF1F854DE910EC2A21 /* [CP] Embed Pods Frameworks */,
				769D5010D04E5B6FA00452E6 /* [CP] Copy Pods Resources */,
			);
			buildRules = (
			);
			dependencies = (
			);
			name = exerciseMap;
			productName = exerciseMap;
			productReference = 981CACEB1F3833C3009A6B12 /* exerciseMap.app */;
			productType = "com.apple.product-type.application";
		};
/* End PBXNativeTarget section */

/* Begin PBXProject section */
		981CACE31F3833C3009A6B12 /* Project object */ = {
			isa = PBXProject;
			attributes = {
				LastSwiftUpdateCheck = 0830;
				LastUpgradeCheck = 0830;
				ORGANIZATIONNAME = woowabrothers;
				TargetAttributes = {
					981CACEA1F3833C3009A6B12 = {
						CreatedOnToolsVersion = 8.3.3;
						ProvisioningStyle = Automatic;
					};
				};
			};
			buildConfigurationList = 981CACE61F3833C3009A6B12 /* Build configuration list for PBXProject "exerciseMap" */;
			compatibilityVersion = "Xcode 3.2";
			developmentRegion = English;
			hasScannedForEncodings = 0;
			knownRegions = (
				en,
				Base,
			);
			mainGroup = 981CACE21F3833C3009A6B12;
			productRefGroup = 981CACEC1F3833C3009A6B12 /* Products */;
			projectDirPath = "";
			projectRoot = "";
			targets = (
				981CACEA1F3833C3009A6B12 /* exerciseMap */,
			);
		};
/* End PBXProject section */

/* Begin PBXResourcesBuildPhase section */
		981CACE91F3833C3009A6B12 /* Resources */ = {
			isa = PBXResourcesBuildPhase;
			buildActionMask = 2147483647;
			files = (
				981CAD071F387DDA009A6B12 /* config.plist in Resources */,
				981CACF91F3833C3009A6B12 /* LaunchScreen.storyboard in Resources */,
				981CACF61F3833C3009A6B12 /* Assets.xcassets in Resources */,
				981CACF41F3833C3009A6B12 /* Main.storyboard in Resources */,
			);
			runOnlyForDeploymentPostprocessing = 0;
		};
/* End PBXResourcesBuildPhase section */

/* Begin PBXShellScriptBuildPhase section */
		769D5010D04E5B6FA00452E6 /* [CP] Copy Pods Resources */ = {
			isa = PBXShellScriptBuildPhase;
			buildActionMask = 2147483647;
			files = (
			);
			inputPaths = (
			);
			name = "[CP] Copy Pods Resources";
			outputPaths = (
			);
			runOnlyForDeploymentPostprocessing = 0;
			shellPath = /bin/sh;
			shellScript = "\"${SRCROOT}/Pods/Target Support Files/Pods-exerciseMap/Pods-exerciseMap-resources.sh\"\n";
			showEnvVarsInLog = 0;
		};
		A8F7CB935E3854D7B1F38EEE /* [CP] Check Pods Manifest.lock */ = {
			isa = PBXShellScriptBuildPhase;
			buildActionMask = 2147483647;
			files = (
			);
			inputPaths = (
			);
			name = "[CP] Check Pods Manifest.lock";
			outputPaths = (
			);
			runOnlyForDeploymentPostprocessing = 0;
			shellPath = /bin/sh;
			shellScript = "diff \"${PODS_PODFILE_DIR_PATH}/Podfile.lock\" \"${PODS_ROOT}/Manifest.lock\" > /dev/null\nif [ $? != 0 ] ; then\n    # print error to STDERR\n    echo \"error: The sandbox is not in sync with the Podfile.lock. Run 'pod install' or update your CocoaPods installation.\" >&2\n    exit 1\nfi\n";
			showEnvVarsInLog = 0;
		};
		F8E2B1AF1F854DE910EC2A21 /* [CP] Embed Pods Frameworks */ = {
			isa = PBXShellScriptBuildPhase;
			buildActionMask = 2147483647;
			files = (
			);
			inputPaths = (
			);
			name = "[CP] Embed Pods Frameworks";
			outputPaths = (
			);
			runOnlyForDeploymentPostprocessing = 0;
			shellPath = /bin/sh;
			shellScript = "\"${SRCROOT}/Pods/Target Support Files/Pods-exerciseMap/Pods-exerciseMap-frameworks.sh\"\n";
			showEnvVarsInLog = 0;
		};
/* End PBXShellScriptBuildPhase section */

/* Begin PBXSourcesBuildPhase section */
		981CACE71F3833C3009A6B12 /* Sources */ = {
			isa = PBXSourcesBuildPhase;
			buildActionMask = 2147483647;
			files = (
				981CACF11F3833C3009A6B12 /* ViewController.swift in Sources */,
				981CACEF1F3833C3009A6B12 /* AppDelegate.swift in Sources */,
				981CAD051F3867D2009A6B12 /* ViewController2.swift in Sources */,
			);
			runOnlyForDeploymentPostprocessing = 0;
		};
/* End PBXSourcesBuildPhase section */

/* Begin PBXVariantGroup section */
		981CACF21F3833C3009A6B12 /* Main.storyboard */ = {
			isa = PBXVariantGroup;
			children = (
				981CACF31F3833C3009A6B12 /* Base */,
			);
			name = Main.storyboard;
			sourceTree = "<group>";
		};
		981CACF71F3833C3009A6B12 /* LaunchScreen.storyboard */ = {
			isa = PBXVariantGroup;
			children = (
				981CACF81F3833C3009A6B12 /* Base */,
			);
			name = LaunchScreen.storyboard;
			sourceTree = "<group>";
		};
/* End PBXVariantGroup section */

/* Begin XCBuildConfiguration section */
		981CACFB1F3833C3009A6B12 /* Debug */ = {
			isa = XCBuildConfiguration;
			buildSettings = {
				ALWAYS_SEARCH_USER_PATHS = NO;
				CLANG_ANALYZER_NONNULL = YES;
				CLANG_ANALYZER_NUMBER_OBJECT_CONVERSION = YES_AGGRESSIVE;
				CLANG_CXX_LANGUAGE_STANDARD = "gnu++0x";
				CLANG_CXX_LIBRARY = "libc++";
				CLANG_ENABLE_MODULES = YES;
				CLANG_ENABLE_OBJC_ARC = YES;
				CLANG_WARN_BOOL_CONVERSION = YES;
				CLANG_WARN_CONSTANT_CONVERSION = YES;
				CLANG_WARN_DIRECT_OBJC_ISA_USAGE = YES_ERROR;
				CLANG_WARN_DOCUMENTATION_COMMENTS = YES;
				CLANG_WARN_EMPTY_BODY = YES;
				CLANG_WARN_ENUM_CONVERSION = YES;
				CLANG_WARN_INFINITE_RECURSION = YES;
				CLANG_WARN_INT_CONVERSION = YES;
				CLANG_WARN_OBJC_ROOT_CLASS = YES_ERROR;
				CLANG_WARN_SUSPICIOUS_MOVE = YES;
				CLANG_WARN_UNREACHABLE_CODE = YES;
				CLANG_WARN__DUPLICATE_METHOD_MATCH = YES;
				"CODE_SIGN_IDENTITY[sdk=iphoneos*]" = "iPhone Developer";
				COPY_PHASE_STRIP = NO;
				DEBUG_INFORMATION_FORMAT = dwarf;
				ENABLE_STRICT_OBJC_MSGSEND = YES;
				ENABLE_TESTABILITY = YES;
				GCC_C_LANGUAGE_STANDARD = gnu99;
				GCC_DYNAMIC_NO_PIC = NO;
				GCC_NO_COMMON_BLOCKS = YES;
				GCC_OPTIMIZATION_LEVEL = 0;
				GCC_PREPROCESSOR_DEFINITIONS = (
					"DEBUG=1",
					"$(inherited)",
				);
				GCC_WARN_64_TO_32_BIT_CONVERSION = YES;
				GCC_WARN_ABOUT_RETURN_TYPE = YES_ERROR;
				GCC_WARN_UNDECLARED_SELECTOR = YES;
				GCC_WARN_UNINITIALIZED_AUTOS = YES_AGGRESSIVE;
				GCC_WARN_UNUSED_FUNCTION = YES;
				GCC_WARN_UNUSED_VARIABLE = YES;
				IPHONEOS_DEPLOYMENT_TARGET = 10.3;
				MTL_ENABLE_DEBUG_INFO = YES;
				ONLY_ACTIVE_ARCH = YES;
				SDKROOT = iphoneos;
				SWIFT_ACTIVE_COMPILATION_CONDITIONS = DEBUG;
				SWIFT_OPTIMIZATION_LEVEL = "-Onone";
			};
			name = Debug;
		};
		981CACFC1F3833C3009A6B12 /* Release */ = {
			isa = XCBuildConfiguration;
			buildSettings = {
				ALWAYS_SEARCH_USER_PATHS = NO;
				CLANG_ANALYZER_NONNULL = YES;
				CLANG_ANALYZER_NUMBER_OBJECT_CONVERSION = YES_AGGRESSIVE;
				CLANG_CXX_LANGUAGE_STANDARD = "gnu++0x";
				CLANG_CXX_LIBRARY = "libc++";
				CLANG_ENABLE_MODULES = YES;
				CLANG_ENABLE_OBJC_ARC = YES;
				CLANG_WARN_BOOL_CONVERSION = YES;
				CLANG_WARN_CONSTANT_CONVERSION = YES;
				CLANG_WARN_DIRECT_OBJC_ISA_USAGE = YES_ERROR;
				CLANG_WARN_DOCUMENTATION_COMMENTS = YES;
				CLANG_WARN_EMPTY_BODY = YES;
				CLANG_WARN_ENUM_CONVERSION = YES;
				CLANG_WARN_INFINITE_RECURSION = YES;
				CLANG_WARN_INT_CONVERSION = YES;
				CLANG_WARN_OBJC_ROOT_CLASS = YES_ERROR;
				CLANG_WARN_SUSPICIOUS_MOVE = YES;
				CLANG_WARN_UNREACHABLE_CODE = YES;
				CLANG_WARN__DUPLICATE_METHOD_MATCH = YES;
				"CODE_SIGN_IDENTITY[sdk=iphoneos*]" = "iPhone Developer";
				COPY_PHASE_STRIP = NO;
				DEBUG_INFORMATION_FORMAT = "dwarf-with-dsym";
				ENABLE_NS_ASSERTIONS = NO;
				ENABLE_STRICT_OBJC_MSGSEND = YES;
				GCC_C_LANGUAGE_STANDARD = gnu99;
				GCC_NO_COMMON_BLOCKS = YES;
				GCC_WARN_64_TO_32_BIT_CONVERSION = YES;
				GCC_WARN_ABOUT_RETURN_TYPE = YES_ERROR;
				GCC_WARN_UNDECLARED_SELECTOR = YES;
				GCC_WARN_UNINITIALIZED_AUTOS = YES_AGGRESSIVE;
				GCC_WARN_UNUSED_FUNCTION = YES;
				GCC_WARN_UNUSED_VARIABLE = YES;
				IPHONEOS_DEPLOYMENT_TARGET = 10.3;
				MTL_ENABLE_DEBUG_INFO = NO;
				SDKROOT = iphoneos;
				SWIFT_OPTIMIZATION_LEVEL = "-Owholemodule";
				VALIDATE_PRODUCT = YES;
			};
			name = Release;
		};
		981CACFE1F3833C3009A6B12 /* Debug */ = {
			isa = XCBuildConfiguration;
			baseConfigurationReference = F4050511BD63750A2A90E1E3 /* Pods-exerciseMap.debug.xcconfig */;
			buildSettings = {
				ASSETCATALOG_COMPILER_APPICON_NAME = AppIcon;
				INFOPLIST_FILE = exerciseMap/Info.plist;
				LD_RUNPATH_SEARCH_PATHS = "$(inherited) @executable_path/Frameworks";
				PRODUCT_BUNDLE_IDENTIFIER = com.lmjing.exerciseMap;
				PRODUCT_NAME = "$(TARGET_NAME)";
				SWIFT_VERSION = 3.0;
			};
			name = Debug;
		};
		981CACFF1F3833C3009A6B12 /* Release */ = {
			isa = XCBuildConfiguration;
			baseConfigurationReference = 621CBD5275F362A233F482B7 /* Pods-exerciseMap.release.xcconfig */;
			buildSettings = {
				ASSETCATALOG_COMPILER_APPICON_NAME = AppIcon;
				INFOPLIST_FILE = exerciseMap/Info.plist;
				LD_RUNPATH_SEARCH_PATHS = "$(inherited) @executable_path/Frameworks";
				PRODUCT_BUNDLE_IDENTIFIER = com.lmjing.exerciseMap;
				PRODUCT_NAME = "$(TARGET_NAME)";
				SWIFT_VERSION = 3.0;
			};
			name = Release;
		};
/* End XCBuildConfiguration section */

/* Begin XCConfigurationList section */
		981CACE61F3833C3009A6B12 /* Build configuration list for PBXProject "exerciseMap" */ = {
			isa = XCConfigurationList;
			buildConfigurations = (
				981CACFB1F3833C3009A6B12 /* Debug */,
				981CACFC1F3833C3009A6B12 /* Release */,
			);
			defaultConfigurationIsVisible = 0;
			defaultConfigurationName = Release;
		};
		981CACFD1F3833C3009A6B12 /* Build configuration list for PBXNativeTarget "exerciseMap" */ = {
			isa = XCConfigurationList;
			buildConfigurations = (
				981CACFE1F3833C3009A6B12 /* Debug */,
				981CACFF1F3833C3009A6B12 /* Release */,
			);
			defaultConfigurationIsVisible = 0;
			defaultConfigurationName = Release;
		};
/* End XCConfigurationList section */
	};
	rootObject = 981CACE31F3833C3009A6B12 /* Project object */;
}
