// !$*UTF8*$!
{
	archiveVersion = 1;
	classes = {
	};
	objectVersion = 46;
	objects = {

/* Begin PBXBuildFile section */
		989F07F11F1DDC3000DF710D /* AppDelegate.swift in Sources */ = {isa = PBXBuildFile; fileRef = 989F07F01F1DDC3000DF710D /* AppDelegate.swift */; };
		989F07F31F1DDC3000DF710D /* ViewController.swift in Sources */ = {isa = PBXBuildFile; fileRef = 989F07F21F1DDC3000DF710D /* ViewController.swift */; };
		989F07F61F1DDC3000DF710D /* Main.storyboard in Resources */ = {isa = PBXBuildFile; fileRef = 989F07F41F1DDC3000DF710D /* Main.storyboard */; };
		989F07F81F1DDC3000DF710D /* Assets.xcassets in Resources */ = {isa = PBXBuildFile; fileRef = 989F07F71F1DDC3000DF710D /* Assets.xcassets */; };
		989F07FB1F1DDC3000DF710D /* LaunchScreen.storyboard in Resources */ = {isa = PBXBuildFile; fileRef = 989F07F91F1DDC3000DF710D /* LaunchScreen.storyboard */; };
		989F08031F1DDDFE00DF710D /* AnimationCustomUIView.swift in Sources */ = {isa = PBXBuildFile; fileRef = 989F08021F1DDDFE00DF710D /* AnimationCustomUIView.swift */; };
		989F08051F1DDF7200DF710D /* hambuger.png in Resources */ = {isa = PBXBuildFile; fileRef = 989F08041F1DDF7200DF710D /* hambuger.png */; };
		989F08071F1DEA9E00DF710D /* DataTask.swift in Sources */ = {isa = PBXBuildFile; fileRef = 989F08061F1DEA9E00DF710D /* DataTask.swift */; };
/* End PBXBuildFile section */

/* Begin PBXFileReference section */
		989F07ED1F1DDC3000DF710D /* 0718_NetworkApp.app */ = {isa = PBXFileReference; explicitFileType = wrapper.application; includeInIndex = 0; path = 0718_NetworkApp.app; sourceTree = BUILT_PRODUCTS_DIR; };
		989F07F01F1DDC3000DF710D /* AppDelegate.swift */ = {isa = PBXFileReference; lastKnownFileType = sourcecode.swift; path = AppDelegate.swift; sourceTree = "<group>"; };
		989F07F21F1DDC3000DF710D /* ViewController.swift */ = {isa = PBXFileReference; lastKnownFileType = sourcecode.swift; path = ViewController.swift; sourceTree = "<group>"; };
		989F07F51F1DDC3000DF710D /* Base */ = {isa = PBXFileReference; lastKnownFileType = file.storyboard; name = Base; path = Base.lproj/Main.storyboard; sourceTree = "<group>"; };
		989F07F71F1DDC3000DF710D /* Assets.xcassets */ = {isa = PBXFileReference; lastKnownFileType = folder.assetcatalog; path = Assets.xcassets; sourceTree = "<group>"; };
		989F07FA1F1DDC3000DF710D /* Base */ = {isa = PBXFileReference; lastKnownFileType = file.storyboard; name = Base; path = Base.lproj/LaunchScreen.storyboard; sourceTree = "<group>"; };
		989F07FC1F1DDC3000DF710D /* Info.plist */ = {isa = PBXFileReference; lastKnownFileType = text.plist.xml; path = Info.plist; sourceTree = "<group>"; };
		989F08021F1DDDFE00DF710D /* AnimationCustomUIView.swift */ = {isa = PBXFileReference; fileEncoding = 4; lastKnownFileType = sourcecode.swift; path = AnimationCustomUIView.swift; sourceTree = "<group>"; };
		989F08041F1DDF7200DF710D /* hambuger.png */ = {isa = PBXFileReference; lastKnownFileType = image.png; path = hambuger.png; sourceTree = "<group>"; };
		989F08061F1DEA9E00DF710D /* DataTask.swift */ = {isa = PBXFileReference; fileEncoding = 4; lastKnownFileType = sourcecode.swift; path = DataTask.swift; sourceTree = "<group>"; };
/* End PBXFileReference section */

/* Begin PBXFrameworksBuildPhase section */
		989F07EA1F1DDC3000DF710D /* Frameworks */ = {
			isa = PBXFrameworksBuildPhase;
			buildActionMask = 2147483647;
			files = (
			);
			runOnlyForDeploymentPostprocessing = 0;
		};
/* End PBXFrameworksBuildPhase section */

/* Begin PBXGroup section */
		989F07E41F1DDC3000DF710D = {
			isa = PBXGroup;
			children = (
				989F07EF1F1DDC3000DF710D /* 0718_NetworkApp */,
				989F07EE1F1DDC3000DF710D /* Products */,
			);
			sourceTree = "<group>";
		};
		989F07EE1F1DDC3000DF710D /* Products */ = {
			isa = PBXGroup;
			children = (
				989F07ED1F1DDC3000DF710D /* 0718_NetworkApp.app */,
			);
			name = Products;
			sourceTree = "<group>";
		};
		989F07EF1F1DDC3000DF710D /* 0718_NetworkApp */ = {
			isa = PBXGroup;
			children = (
				989F07F01F1DDC3000DF710D /* AppDelegate.swift */,
				989F07F21F1DDC3000DF710D /* ViewController.swift */,
				989F07F41F1DDC3000DF710D /* Main.storyboard */,
				989F08041F1DDF7200DF710D /* hambuger.png */,
				989F07F71F1DDC3000DF710D /* Assets.xcassets */,
				989F07F91F1DDC3000DF710D /* LaunchScreen.storyboard */,
				989F07FC1F1DDC3000DF710D /* Info.plist */,
				989F08021F1DDDFE00DF710D /* AnimationCustomUIView.swift */,
				989F08061F1DEA9E00DF710D /* DataTask.swift */,
			);
			path = 0718_NetworkApp;
			sourceTree = "<group>";
		};
/* End PBXGroup section */

/* Begin PBXNativeTarget section */
		989F07EC1F1DDC3000DF710D /* 0718_NetworkApp */ = {
			isa = PBXNativeTarget;
			buildConfigurationList = 989F07FF1F1DDC3000DF710D /* Build configuration list for PBXNativeTarget "0718_NetworkApp" */;
			buildPhases = (
				989F07E91F1DDC3000DF710D /* Sources */,
				989F07EA1F1DDC3000DF710D /* Frameworks */,
				989F07EB1F1DDC3000DF710D /* Resources */,
			);
			buildRules = (
			);
			dependencies = (
			);
			name = 0718_NetworkApp;
			productName = 0718_NetworkApp;
			productReference = 989F07ED1F1DDC3000DF710D /* 0718_NetworkApp.app */;
			productType = "com.apple.product-type.application";
		};
/* End PBXNativeTarget section */

/* Begin PBXProject section */
		989F07E51F1DDC3000DF710D /* Project object */ = {
			isa = PBXProject;
			attributes = {
				LastSwiftUpdateCheck = 0830;
				LastUpgradeCheck = 0830;
				ORGANIZATIONNAME = woowabrothers;
				TargetAttributes = {
					989F07EC1F1DDC3000DF710D = {
						CreatedOnToolsVersion = 8.3.3;
						ProvisioningStyle = Automatic;
					};
				};
			};
			buildConfigurationList = 989F07E81F1DDC3000DF710D /* Build configuration list for PBXProject "0718_NetworkApp" */;
			compatibilityVersion = "Xcode 3.2";
			developmentRegion = English;
			hasScannedForEncodings = 0;
			knownRegions = (
				en,
				Base,
			);
			mainGroup = 989F07E41F1DDC3000DF710D;
			productRefGroup = 989F07EE1F1DDC3000DF710D /* Products */;
			projectDirPath = "";
			projectRoot = "";
			targets = (
				989F07EC1F1DDC3000DF710D /* 0718_NetworkApp */,
			);
		};
/* End PBXProject section */

/* Begin PBXResourcesBuildPhase section */
		989F07EB1F1DDC3000DF710D /* Resources */ = {
			isa = PBXResourcesBuildPhase;
			buildActionMask = 2147483647;
			files = (
				989F07FB1F1DDC3000DF710D /* LaunchScreen.storyboard in Resources */,
				989F07F81F1DDC3000DF710D /* Assets.xcassets in Resources */,
				989F08051F1DDF7200DF710D /* hambuger.png in Resources */,
				989F07F61F1DDC3000DF710D /* Main.storyboard in Resources */,
			);
			runOnlyForDeploymentPostprocessing = 0;
		};
/* End PBXResourcesBuildPhase section */

/* Begin PBXSourcesBuildPhase section */
		989F07E91F1DDC3000DF710D /* Sources */ = {
			isa = PBXSourcesBuildPhase;
			buildActionMask = 2147483647;
			files = (
				989F07F31F1DDC3000DF710D /* ViewController.swift in Sources */,
				989F08031F1DDDFE00DF710D /* AnimationCustomUIView.swift in Sources */,
				989F08071F1DEA9E00DF710D /* DataTask.swift in Sources */,
				989F07F11F1DDC3000DF710D /* AppDelegate.swift in Sources */,
			);
			runOnlyForDeploymentPostprocessing = 0;
		};
/* End PBXSourcesBuildPhase section */

/* Begin PBXVariantGroup section */
		989F07F41F1DDC3000DF710D /* Main.storyboard */ = {
			isa = PBXVariantGroup;
			children = (
				989F07F51F1DDC3000DF710D /* Base */,
			);
			name = Main.storyboard;
			sourceTree = "<group>";
		};
		989F07F91F1DDC3000DF710D /* LaunchScreen.storyboard */ = {
			isa = PBXVariantGroup;
			children = (
				989F07FA1F1DDC3000DF710D /* Base */,
			);
			name = LaunchScreen.storyboard;
			sourceTree = "<group>";
		};
/* End PBXVariantGroup section */

/* Begin XCBuildConfiguration section */
		989F07FD1F1DDC3000DF710D /* Debug */ = {
			isa = XCBuildConfiguration;
			buildSettings = {
				ALWAYS_SEARCH_USER_PATHS = NO;
				CLANG_ANALYZER_NONNULL = YES;
				CLANG_ANALYZER_NUMBER_OBJECT_CONVERSION = YES_AGGRESSIVE;
				CLANG_CXX_LANGUAGE_STANDARD = "gnu++0x";
				CLANG_CXX_LIBRARY = "libc++";
				CLANG_ENABLE_MODULES = YES;
				CLANG_ENABLE_OBJC_ARC = YES;
				CLANG_WARN_BOOL_CONVERSION = YES;
				CLANG_WARN_CONSTANT_CONVERSION = YES;
				CLANG_WARN_DIRECT_OBJC_ISA_USAGE = YES_ERROR;
				CLANG_WARN_DOCUMENTATION_COMMENTS = YES;
				CLANG_WARN_EMPTY_BODY = YES;
				CLANG_WARN_ENUM_CONVERSION = YES;
				CLANG_WARN_INFINITE_RECURSION = YES;
				CLANG_WARN_INT_CONVERSION = YES;
				CLANG_WARN_OBJC_ROOT_CLASS = YES_ERROR;
				CLANG_WARN_SUSPICIOUS_MOVE = YES;
				CLANG_WARN_UNREACHABLE_CODE = YES;
				CLANG_WARN__DUPLICATE_METHOD_MATCH = YES;
				"CODE_SIGN_IDENTITY[sdk=iphoneos*]" = "iPhone Developer";
				COPY_PHASE_STRIP = NO;
				DEBUG_INFORMATION_FORMAT = dwarf;
				ENABLE_STRICT_OBJC_MSGSEND = YES;
				ENABLE_TESTABILITY = YES;
				GCC_C_LANGUAGE_STANDARD = gnu99;
				GCC_DYNAMIC_NO_PIC = NO;
				GCC_NO_COMMON_BLOCKS = YES;
				GCC_OPTIMIZATION_LEVEL = 0;
				GCC_PREPROCESSOR_DEFINITIONS = (
					"DEBUG=1",
					"$(inherited)",
				);
				GCC_WARN_64_TO_32_BIT_CONVERSION = YES;
				GCC_WARN_ABOUT_RETURN_TYPE = YES_ERROR;
				GCC_WARN_UNDECLARED_SELECTOR = YES;
				GCC_WARN_UNINITIALIZED_AUTOS = YES_AGGRESSIVE;
				GCC_WARN_UNUSED_FUNCTION = YES;
				GCC_WARN_UNUSED_VARIABLE = YES;
				IPHONEOS_DEPLOYMENT_TARGET = 10.3;
				MTL_ENABLE_DEBUG_INFO = YES;
				ONLY_ACTIVE_ARCH = YES;
				SDKROOT = iphoneos;
				SWIFT_ACTIVE_COMPILATION_CONDITIONS = DEBUG;
				SWIFT_OPTIMIZATION_LEVEL = "-Onone";
			};
			name = Debug;
		};
		989F07FE1F1DDC3000DF710D /* Release */ = {
			isa = XCBuildConfiguration;
			buildSettings = {
				ALWAYS_SEARCH_USER_PATHS = NO;
				CLANG_ANALYZER_NONNULL = YES;
				CLANG_ANALYZER_NUMBER_OBJECT_CONVERSION = YES_AGGRESSIVE;
				CLANG_CXX_LANGUAGE_STANDARD = "gnu++0x";
				CLANG_CXX_LIBRARY = "libc++";
				CLANG_ENABLE_MODULES = YES;
				CLANG_ENABLE_OBJC_ARC = YES;
				CLANG_WARN_BOOL_CONVERSION = YES;
				CLANG_WARN_CONSTANT_CONVERSION = YES;
				CLANG_WARN_DIRECT_OBJC_ISA_USAGE = YES_ERROR;
				CLANG_WARN_DOCUMENTATION_COMMENTS = YES;
				CLANG_WARN_EMPTY_BODY = YES;
				CLANG_WARN_ENUM_CONVERSION = YES;
				CLANG_WARN_INFINITE_RECURSION = YES;
				CLANG_WARN_INT_CONVERSION = YES;
				CLANG_WARN_OBJC_ROOT_CLASS = YES_ERROR;
				CLANG_WARN_SUSPICIOUS_MOVE = YES;
				CLANG_WARN_UNREACHABLE_CODE = YES;
				CLANG_WARN__DUPLICATE_METHOD_MATCH = YES;
				"CODE_SIGN_IDENTITY[sdk=iphoneos*]" = "iPhone Developer";
				COPY_PHASE_STRIP = NO;
				DEBUG_INFORMATION_FORMAT = "dwarf-with-dsym";
				ENABLE_NS_ASSERTIONS = NO;
				ENABLE_STRICT_OBJC_MSGSEND = YES;
				GCC_C_LANGUAGE_STANDARD = gnu99;
				GCC_NO_COMMON_BLOCKS = YES;
				GCC_WARN_64_TO_32_BIT_CONVERSION = YES;
				GCC_WARN_ABOUT_RETURN_TYPE = YES_ERROR;
				GCC_WARN_UNDECLARED_SELECTOR = YES;
				GCC_WARN_UNINITIALIZED_AUTOS = YES_AGGRESSIVE;
				GCC_WARN_UNUSED_FUNCTION = YES;
				GCC_WARN_UNUSED_VARIABLE = YES;
				IPHONEOS_DEPLOYMENT_TARGET = 10.3;
				MTL_ENABLE_DEBUG_INFO = NO;
				SDKROOT = iphoneos;
				SWIFT_OPTIMIZATION_LEVEL = "-Owholemodule";
				VALIDATE_PRODUCT = YES;
			};
			name = Release;
		};
		989F08001F1DDC3000DF710D /* Debug */ = {
			isa = XCBuildConfiguration;
			buildSettings = {
				ASSETCATALOG_COMPILER_APPICON_NAME = AppIcon;
				INFOPLIST_FILE = 0718_NetworkApp/Info.plist;
				LD_RUNPATH_SEARCH_PATHS = "$(inherited) @executable_path/Frameworks";
				PRODUCT_BUNDLE_IDENTIFIER = "com.lmjing.-718-NetworkApp";
				PRODUCT_NAME = "$(TARGET_NAME)";
				SWIFT_VERSION = 3.0;
			};
			name = Debug;
		};
		989F08011F1DDC3000DF710D /* Release */ = {
			isa = XCBuildConfiguration;
			buildSettings = {
				ASSETCATALOG_COMPILER_APPICON_NAME = AppIcon;
				INFOPLIST_FILE = 0718_NetworkApp/Info.plist;
				LD_RUNPATH_SEARCH_PATHS = "$(inherited) @executable_path/Frameworks";
				PRODUCT_BUNDLE_IDENTIFIER = "com.lmjing.-718-NetworkApp";
				PRODUCT_NAME = "$(TARGET_NAME)";
				SWIFT_VERSION = 3.0;
			};
			name = Release;
		};
/* End XCBuildConfiguration section */

/* Begin XCConfigurationList section */
		989F07E81F1DDC3000DF710D /* Build configuration list for PBXProject "0718_NetworkApp" */ = {
			isa = XCConfigurationList;
			buildConfigurations = (
				989F07FD1F1DDC3000DF710D /* Debug */,
				989F07FE1F1DDC3000DF710D /* Release */,
			);
			defaultConfigurationIsVisible = 0;
			defaultConfigurationName = Release;
		};
		989F07FF1F1DDC3000DF710D /* Build configuration list for PBXNativeTarget "0718_NetworkApp" */ = {
			isa = XCConfigurationList;
			buildConfigurations = (
				989F08001F1DDC3000DF710D /* Debug */,
				989F08011F1DDC3000DF710D /* Release */,
			);
			defaultConfigurationIsVisible = 0;
		};
/* End XCConfigurationList section */
	};
	rootObject = 989F07E51F1DDC3000DF710D /* Project object */;
}
