// !$*UTF8*$!
{
	archiveVersion = 1;
	classes = {
	};
	objectVersion = 46;
	objects = {

/* Begin PBXBuildFile section */
		98FC53D91F14B9F6004DF400 /* AppDelegate.swift in Sources */ = {isa = PBXBuildFile; fileRef = 98FC53D81F14B9F6004DF400 /* AppDelegate.swift */; };
		98FC53DB1F14B9F6004DF400 /* ViewController.swift in Sources */ = {isa = PBXBuildFile; fileRef = 98FC53DA1F14B9F6004DF400 /* ViewController.swift */; };
		98FC53DE1F14B9F6004DF400 /* Main.storyboard in Resources */ = {isa = PBXBuildFile; fileRef = 98FC53DC1F14B9F6004DF400 /* Main.storyboard */; };
		98FC53E01F14B9F6004DF400 /* Assets.xcassets in Resources */ = {isa = PBXBuildFile; fileRef = 98FC53DF1F14B9F6004DF400 /* Assets.xcassets */; };
		98FC53E31F14B9F6004DF400 /* LaunchScreen.storyboard in Resources */ = {isa = PBXBuildFile; fileRef = 98FC53E11F14B9F6004DF400 /* LaunchScreen.storyboard */; };
/* End PBXBuildFile section */

/* Begin PBXFileReference section */
		98FC53D51F14B9F6004DF400 /* 0711_measurement.app */ = {isa = PBXFileReference; explicitFileType = wrapper.application; includeInIndex = 0; path = 0711_measurement.app; sourceTree = BUILT_PRODUCTS_DIR; };
		98FC53D81F14B9F6004DF400 /* AppDelegate.swift */ = {isa = PBXFileReference; lastKnownFileType = sourcecode.swift; path = AppDelegate.swift; sourceTree = "<group>"; };
		98FC53DA1F14B9F6004DF400 /* ViewController.swift */ = {isa = PBXFileReference; lastKnownFileType = sourcecode.swift; path = ViewController.swift; sourceTree = "<group>"; };
		98FC53DD1F14B9F6004DF400 /* Base */ = {isa = PBXFileReference; lastKnownFileType = file.storyboard; name = Base; path = Base.lproj/Main.storyboard; sourceTree = "<group>"; };
		98FC53DF1F14B9F6004DF400 /* Assets.xcassets */ = {isa = PBXFileReference; lastKnownFileType = folder.assetcatalog; path = Assets.xcassets; sourceTree = "<group>"; };
		98FC53E21F14B9F6004DF400 /* Base */ = {isa = PBXFileReference; lastKnownFileType = file.storyboard; name = Base; path = Base.lproj/LaunchScreen.storyboard; sourceTree = "<group>"; };
		98FC53E41F14B9F6004DF400 /* Info.plist */ = {isa = PBXFileReference; lastKnownFileType = text.plist.xml; path = Info.plist; sourceTree = "<group>"; };
/* End PBXFileReference section */

/* Begin PBXFrameworksBuildPhase section */
		98FC53D21F14B9F6004DF400 /* Frameworks */ = {
			isa = PBXFrameworksBuildPhase;
			buildActionMask = 2147483647;
			files = (
			);
			runOnlyForDeploymentPostprocessing = 0;
		};
/* End PBXFrameworksBuildPhase section */

/* Begin PBXGroup section */
		98FC53CC1F14B9F6004DF400 = {
			isa = PBXGroup;
			children = (
				98FC53D71F14B9F6004DF400 /* 0711_measurement */,
				98FC53D61F14B9F6004DF400 /* Products */,
			);
			sourceTree = "<group>";
		};
		98FC53D61F14B9F6004DF400 /* Products */ = {
			isa = PBXGroup;
			children = (
				98FC53D51F14B9F6004DF400 /* 0711_measurement.app */,
			);
			name = Products;
			sourceTree = "<group>";
		};
		98FC53D71F14B9F6004DF400 /* 0711_measurement */ = {
			isa = PBXGroup;
			children = (
				98FC53D81F14B9F6004DF400 /* AppDelegate.swift */,
				98FC53DA1F14B9F6004DF400 /* ViewController.swift */,
				98FC53DC1F14B9F6004DF400 /* Main.storyboard */,
				98FC53DF1F14B9F6004DF400 /* Assets.xcassets */,
				98FC53E11F14B9F6004DF400 /* LaunchScreen.storyboard */,
				98FC53E41F14B9F6004DF400 /* Info.plist */,
			);
			path = 0711_measurement;
			sourceTree = "<group>";
		};
/* End PBXGroup section */

/* Begin PBXNativeTarget section */
		98FC53D41F14B9F6004DF400 /* 0711_measurement */ = {
			isa = PBXNativeTarget;
			buildConfigurationList = 98FC53E71F14B9F6004DF400 /* Build configuration list for PBXNativeTarget "0711_measurement" */;
			buildPhases = (
				98FC53D11F14B9F6004DF400 /* Sources */,
				98FC53D21F14B9F6004DF400 /* Frameworks */,
				98FC53D31F14B9F6004DF400 /* Resources */,
			);
			buildRules = (
			);
			dependencies = (
			);
			name = 0711_measurement;
			productName = 0711_measurement;
			productReference = 98FC53D51F14B9F6004DF400 /* 0711_measurement.app */;
			productType = "com.apple.product-type.application";
		};
/* End PBXNativeTarget section */

/* Begin PBXProject section */
		98FC53CD1F14B9F6004DF400 /* Project object */ = {
			isa = PBXProject;
			attributes = {
				LastSwiftUpdateCheck = 0830;
				LastUpgradeCheck = 0830;
				ORGANIZATIONNAME = woowabrothers;
				TargetAttributes = {
					98FC53D41F14B9F6004DF400 = {
						CreatedOnToolsVersion = 8.3.3;
						ProvisioningStyle = Automatic;
					};
				};
			};
			buildConfigurationList = 98FC53D01F14B9F6004DF400 /* Build configuration list for PBXProject "0711_measurement" */;
			compatibilityVersion = "Xcode 3.2";
			developmentRegion = English;
			hasScannedForEncodings = 0;
			knownRegions = (
				en,
				Base,
			);
			mainGroup = 98FC53CC1F14B9F6004DF400;
			productRefGroup = 98FC53D61F14B9F6004DF400 /* Products */;
			projectDirPath = "";
			projectRoot = "";
			targets = (
				98FC53D41F14B9F6004DF400 /* 0711_measurement */,
			);
		};
/* End PBXProject section */

/* Begin PBXResourcesBuildPhase section */
		98FC53D31F14B9F6004DF400 /* Resources */ = {
			isa = PBXResourcesBuildPhase;
			buildActionMask = 2147483647;
			files = (
				98FC53E31F14B9F6004DF400 /* LaunchScreen.storyboard in Resources */,
				98FC53E01F14B9F6004DF400 /* Assets.xcassets in Resources */,
				98FC53DE1F14B9F6004DF400 /* Main.storyboard in Resources */,
			);
			runOnlyForDeploymentPostprocessing = 0;
		};
/* End PBXResourcesBuildPhase section */

/* Begin PBXSourcesBuildPhase section */
		98FC53D11F14B9F6004DF400 /* Sources */ = {
			isa = PBXSourcesBuildPhase;
			buildActionMask = 2147483647;
			files = (
				98FC53DB1F14B9F6004DF400 /* ViewController.swift in Sources */,
				98FC53D91F14B9F6004DF400 /* AppDelegate.swift in Sources */,
			);
			runOnlyForDeploymentPostprocessing = 0;
		};
/* End PBXSourcesBuildPhase section */

/* Begin PBXVariantGroup section */
		98FC53DC1F14B9F6004DF400 /* Main.storyboard */ = {
			isa = PBXVariantGroup;
			children = (
				98FC53DD1F14B9F6004DF400 /* Base */,
			);
			name = Main.storyboard;
			sourceTree = "<group>";
		};
		98FC53E11F14B9F6004DF400 /* LaunchScreen.storyboard */ = {
			isa = PBXVariantGroup;
			children = (
				98FC53E21F14B9F6004DF400 /* Base */,
			);
			name = LaunchScreen.storyboard;
			sourceTree = "<group>";
		};
/* End PBXVariantGroup section */

/* Begin XCBuildConfiguration section */
		98FC53E51F14B9F6004DF400 /* Debug */ = {
			isa = XCBuildConfiguration;
			buildSettings = {
				ALWAYS_SEARCH_USER_PATHS = NO;
				CLANG_ANALYZER_NONNULL = YES;
				CLANG_ANALYZER_NUMBER_OBJECT_CONVERSION = YES_AGGRESSIVE;
				CLANG_CXX_LANGUAGE_STANDARD = "gnu++0x";
				CLANG_CXX_LIBRARY = "libc++";
				CLANG_ENABLE_MODULES = YES;
				CLANG_ENABLE_OBJC_ARC = YES;
				CLANG_WARN_BOOL_CONVERSION = YES;
				CLANG_WARN_CONSTANT_CONVERSION = YES;
				CLANG_WARN_DIRECT_OBJC_ISA_USAGE = YES_ERROR;
				CLANG_WARN_DOCUMENTATION_COMMENTS = YES;
				CLANG_WARN_EMPTY_BODY = YES;
				CLANG_WARN_ENUM_CONVERSION = YES;
				CLANG_WARN_INFINITE_RECURSION = YES;
				CLANG_WARN_INT_CONVERSION = YES;
				CLANG_WARN_OBJC_ROOT_CLASS = YES_ERROR;
				CLANG_WARN_SUSPICIOUS_MOVE = YES;
				CLANG_WARN_UNREACHABLE_CODE = YES;
				CLANG_WARN__DUPLICATE_METHOD_MATCH = YES;
				"CODE_SIGN_IDENTITY[sdk=iphoneos*]" = "iPhone Developer";
				COPY_PHASE_STRIP = NO;
				DEBUG_INFORMATION_FORMAT = dwarf;
				ENABLE_STRICT_OBJC_MSGSEND = YES;
				ENABLE_TESTABILITY = YES;
				GCC_C_LANGUAGE_STANDARD = gnu99;
				GCC_DYNAMIC_NO_PIC = NO;
				GCC_NO_COMMON_BLOCKS = YES;
				GCC_OPTIMIZATION_LEVEL = 0;
				GCC_PREPROCESSOR_DEFINITIONS = (
					"DEBUG=1",
					"$(inherited)",
				);
				GCC_WARN_64_TO_32_BIT_CONVERSION = YES;
				GCC_WARN_ABOUT_RETURN_TYPE = YES_ERROR;
				GCC_WARN_UNDECLARED_SELECTOR = YES;
				GCC_WARN_UNINITIALIZED_AUTOS = YES_AGGRESSIVE;
				GCC_WARN_UNUSED_FUNCTION = YES;
				GCC_WARN_UNUSED_VARIABLE = YES;
				IPHONEOS_DEPLOYMENT_TARGET = 10.3;
				MTL_ENABLE_DEBUG_INFO = YES;
				ONLY_ACTIVE_ARCH = YES;
				SDKROOT = iphoneos;
				SWIFT_ACTIVE_COMPILATION_CONDITIONS = DEBUG;
				SWIFT_OPTIMIZATION_LEVEL = "-Onone";
			};
			name = Debug;
		};
		98FC53E61F14B9F6004DF400 /* Release */ = {
			isa = XCBuildConfiguration;
			buildSettings = {
				ALWAYS_SEARCH_USER_PATHS = NO;
				CLANG_ANALYZER_NONNULL = YES;
				CLANG_ANALYZER_NUMBER_OBJECT_CONVERSION = YES_AGGRESSIVE;
				CLANG_CXX_LANGUAGE_STANDARD = "gnu++0x";
				CLANG_CXX_LIBRARY = "libc++";
				CLANG_ENABLE_MODULES = YES;
				CLANG_ENABLE_OBJC_ARC = YES;
				CLANG_WARN_BOOL_CONVERSION = YES;
				CLANG_WARN_CONSTANT_CONVERSION = YES;
				CLANG_WARN_DIRECT_OBJC_ISA_USAGE = YES_ERROR;
				CLANG_WARN_DOCUMENTATION_COMMENTS = YES;
				CLANG_WARN_EMPTY_BODY = YES;
				CLANG_WARN_ENUM_CONVERSION = YES;
				CLANG_WARN_INFINITE_RECURSION = YES;
				CLANG_WARN_INT_CONVERSION = YES;
				CLANG_WARN_OBJC_ROOT_CLASS = YES_ERROR;
				CLANG_WARN_SUSPICIOUS_MOVE = YES;
				CLANG_WARN_UNREACHABLE_CODE = YES;
				CLANG_WARN__DUPLICATE_METHOD_MATCH = YES;
				"CODE_SIGN_IDENTITY[sdk=iphoneos*]" = "iPhone Developer";
				COPY_PHASE_STRIP = NO;
				DEBUG_INFORMATION_FORMAT = "dwarf-with-dsym";
				ENABLE_NS_ASSERTIONS = NO;
				ENABLE_STRICT_OBJC_MSGSEND = YES;
				GCC_C_LANGUAGE_STANDARD = gnu99;
				GCC_NO_COMMON_BLOCKS = YES;
				GCC_WARN_64_TO_32_BIT_CONVERSION = YES;
				GCC_WARN_ABOUT_RETURN_TYPE = YES_ERROR;
				GCC_WARN_UNDECLARED_SELECTOR = YES;
				GCC_WARN_UNINITIALIZED_AUTOS = YES_AGGRESSIVE;
				GCC_WARN_UNUSED_FUNCTION = YES;
				GCC_WARN_UNUSED_VARIABLE = YES;
				IPHONEOS_DEPLOYMENT_TARGET = 10.3;
				MTL_ENABLE_DEBUG_INFO = NO;
				SDKROOT = iphoneos;
				SWIFT_OPTIMIZATION_LEVEL = "-Owholemodule";
				VALIDATE_PRODUCT = YES;
			};
			name = Release;
		};
		98FC53E81F14B9F6004DF400 /* Debug */ = {
			isa = XCBuildConfiguration;
			buildSettings = {
				ASSETCATALOG_COMPILER_APPICON_NAME = AppIcon;
				INFOPLIST_FILE = 0711_measurement/Info.plist;
				LD_RUNPATH_SEARCH_PATHS = "$(inherited) @executable_path/Frameworks";
				PRODUCT_BUNDLE_IDENTIFIER = "com.lmjing.-711-measurement";
				PRODUCT_NAME = "$(TARGET_NAME)";
				SWIFT_VERSION = 3.0;
			};
			name = Debug;
		};
		98FC53E91F14B9F6004DF400 /* Release */ = {
			isa = XCBuildConfiguration;
			buildSettings = {
				ASSETCATALOG_COMPILER_APPICON_NAME = AppIcon;
				INFOPLIST_FILE = 0711_measurement/Info.plist;
				LD_RUNPATH_SEARCH_PATHS = "$(inherited) @executable_path/Frameworks";
				PRODUCT_BUNDLE_IDENTIFIER = "com.lmjing.-711-measurement";
				PRODUCT_NAME = "$(TARGET_NAME)";
				SWIFT_VERSION = 3.0;
			};
			name = Release;
		};
/* End XCBuildConfiguration section */

/* Begin XCConfigurationList section */
		98FC53D01F14B9F6004DF400 /* Build configuration list for PBXProject "0711_measurement" */ = {
			isa = XCConfigurationList;
			buildConfigurations = (
				98FC53E51F14B9F6004DF400 /* Debug */,
				98FC53E61F14B9F6004DF400 /* Release */,
			);
			defaultConfigurationIsVisible = 0;
			defaultConfigurationName = Release;
		};
		98FC53E71F14B9F6004DF400 /* Build configuration list for PBXNativeTarget "0711_measurement" */ = {
			isa = XCConfigurationList;
			buildConfigurations = (
				98FC53E81F14B9F6004DF400 /* Debug */,
				98FC53E91F14B9F6004DF400 /* Release */,
			);
			defaultConfigurationIsVisible = 0;
		};
/* End XCConfigurationList section */
	};
	rootObject = 98FC53CD1F14B9F6004DF400 /* Project object */;
}
